{
  "version": 4,
  "terraform_version": "1.3.2",
  "serial": 229,
  "lineage": "64361f95-fb41-b795-d26c-4ab0de2c5a06",
  "outputs": {
    "acr_id": {
      "value": "/subscriptions/8f0ccddf-4f60-4029-8910-20a665e4c740/resourceGroups/DemoRG1/providers/Microsoft.ContainerRegistry/registries/demoazacr7710",
      "type": "string"
    },
    "acr_login_server": {
      "value": "demoazacr7710.azurecr.io",
      "type": "string"
    },
    "aks_fqdn": {
      "value": "aksdemo-ef4dbc1c.hcp.eastus.azmk8s.io",
      "type": "string"
    },
    "aks_id": {
      "value": "/subscriptions/8f0ccddf-4f60-4029-8910-20a665e4c740/resourcegroups/DemoRG1/providers/Microsoft.ContainerService/managedClusters/aksdemo",
      "type": "string"
    },
    "aks_node_rg": {
      "value": "MC_DemoRG1_aksdemo_eastus",
      "type": "string"
    }
  },
  "resources": [
    {
      "mode": "managed",
      "type": "azurerm_container_registry",
      "name": "acr",
      "provider": "provider[\"registry.terraform.io/hashicorp/azurerm\"]",
      "instances": [
        {
          "schema_version": 2,
          "attributes": {
            "admin_enabled": true,
            "admin_password": "h9Wk/AAEjEjHG1mIdiraaOT3N75If9sMF5RrQM67Ge+ACRB43ko9",
            "admin_username": "demoazacr7710",
            "georeplication_locations": null,
            "id": "/subscriptions/8f0ccddf-4f60-4029-8910-20a665e4c740/resourceGroups/DemoRG1/providers/Microsoft.ContainerRegistry/registries/demoazacr7710",
            "location": "eastus",
            "login_server": "demoazacr7710.azurecr.io",
            "name": "demoazacr7710",
            "network_rule_set": [],
            "resource_group_name": "DemoRG1",
            "retention_policy": [
              {
                "days": 7,
                "enabled": false
              }
            ],
            "sku": "Standard",
            "storage_account_id": null,
            "tags": {},
            "timeouts": null,
            "trust_policy": [
              {
                "enabled": false
              }
            ]
          },
          "sensitive_attributes": [],
          "private": "eyJlMmJmYjczMC1lY2FhLTExZTYtOGY4OC0zNDM2M2JjN2M0YzAiOnsiY3JlYXRlIjoxODAwMDAwMDAwMDAwLCJkZWxldGUiOjE4MDAwMDAwMDAwMDAsInJlYWQiOjMwMDAwMDAwMDAwMCwidXBkYXRlIjoxODAwMDAwMDAwMDAwfSwic2NoZW1hX3ZlcnNpb24iOiIyIn0=",
          "dependencies": [
            "azurerm_resource_group.DemoRG1"
          ]
        }
      ]
    },
    {
      "mode": "managed",
      "type": "azurerm_kubernetes_cluster",
      "name": "aks",
      "provider": "provider[\"registry.terraform.io/hashicorp/azurerm\"]",
      "instances": [
        {
          "schema_version": 0,
          "attributes": {
            "addon_profile": [
              {
                "aci_connector_linux": [
                  {
                    "enabled": false,
                    "subnet_name": ""
                  }
                ],
                "azure_policy": [
                  {
                    "enabled": false
                  }
                ],
                "http_application_routing": [
                  {
                    "enabled": false,
                    "http_application_routing_zone_name": ""
                  }
                ],
                "kube_dashboard": [
                  {
                    "enabled": false
                  }
                ],
                "oms_agent": [
                  {
                    "enabled": true,
                    "log_analytics_workspace_id": "/subscriptions/8f0ccddf-4f60-4029-8910-20a665e4c740/resourcegroups/demorg1/providers/microsoft.operationalinsights/workspaces/aks-log-analytics-workspace",
                    "oms_agent_identity": [
                      {
                        "client_id": "54c4e284-9386-474b-88cf-c9ec3ad4cb18",
                        "object_id": "c86771bb-2677-47a1-9970-6135fd0cd281",
                        "user_assigned_identity_id": "/subscriptions/8f0ccddf-4f60-4029-8910-20a665e4c740/resourcegroups/MC_DemoRG1_aksdemo_eastus/providers/Microsoft.ManagedIdentity/userAssignedIdentities/omsagent-aksdemo"
                      }
                    ]
                  }
                ]
              }
            ],
            "api_server_authorized_ip_ranges": [],
            "auto_scaler_profile": [],
            "default_node_pool": [
              {
                "availability_zones": [],
                "enable_auto_scaling": false,
                "enable_node_public_ip": false,
                "max_count": 0,
                "max_pods": 110,
                "min_count": 0,
                "name": "system",
                "node_count": 6,
                "node_labels": {},
                "node_taints": [],
                "orchestrator_version": "1.24.9",
                "os_disk_size_gb": 128,
                "os_disk_type": "Managed",
                "proximity_placement_group_id": "",
                "tags": {},
                "type": "VirtualMachineScaleSets",
                "vm_size": "Standard_DS2_v2",
                "vnet_subnet_id": ""
              }
            ],
            "disk_encryption_set_id": "",
            "dns_prefix": "aksdemo",
            "enable_pod_security_policy": false,
            "fqdn": "aksdemo-ef4dbc1c.hcp.eastus.azmk8s.io",
            "id": "/subscriptions/8f0ccddf-4f60-4029-8910-20a665e4c740/resourcegroups/DemoRG1/providers/Microsoft.ContainerService/managedClusters/aksdemo",
            "identity": [
              {
                "principal_id": "150df88f-617c-4f00-bd4f-484f9afa4a19",
                "tenant_id": "c8d4cd59-81aa-4a28-b4d8-9622eced8f8b",
                "type": "SystemAssigned"
              }
            ],
            "kube_admin_config": [],
            "kube_admin_config_raw": "",
            "kube_config": [
              {
                "client_certificate": "LS0tLS1CRUdJTiBDRVJUSUZJQ0FURS0tLS0tCk1JSUZIVENDQXdXZ0F3SUJBZ0lRQmpqaXo1ZzZIMkUvaWplU0swdi93REFOQmdrcWhraUc5dzBCQVFzRkFEQU4KTVFzd0NRWURWUVFERXdKallUQWVGdzB5TXpBeU1UZ3hOakl4TlRWYUZ3MHlOVEF5TVRneE5qTXhOVFZhTURBeApGekFWQmdOVkJBb1REbk41YzNSbGJUcHRZWE4wWlhKek1SVXdFd1lEVlFRREV3eHRZWE4wWlhKamJHbGxiblF3CmdnSWlNQTBHQ1NxR1NJYjNEUUVCQVFVQUE0SUNEd0F3Z2dJS0FvSUNBUUNySE41WnFtbUk0K1h2MW9OWmhFN08KR0JHRktWaG0rdEVucmFkYXNlWDNndGV4Mm1vVTZWcjFCM3VpaS92U0I1L1FnSlZEOUhRdlYwUHN4V0sxbXhOcQp4Vk54TW1ndzhsT09oNXR2S3EzNjl5YjdhNU1UdVhrRGQrTVhLblpIWXUxQm1IcEc0MVRBeEFXMTlsNXg1eDF3CjExU09ITVF5bUpWM0hmaHE4Umk2V256aVl5aW5jNkFqclV5dStaR2RFaEE3M3pjWWZtczU2RDdBeTYrT0RrWS8KREY4RzdPelBnSGh0a3BzZ1N3bnVjem9NRVpsU1diMFNtZFQ2ZjFiVGxlTkV2cWs0RUxOazRzcTh4dTZtc1JBTAowVWhQUzU4amp5a0pqY01yQm5wcXZxV0swQmRwZDhta01icThGdnl0MzNRWUZwdTlCbHJvcXU0K1NnL3RCSWkyCkN5V3d1VHIvdDB1cnAxN0tWUUgvZVJESjU1WVl4UkNjUHNTa0p2QkZMbkxxNlE4U0NBOGNPU3BEUC8wUURVRlkKcDZYQXNPWFlNc2RyMytiUEFseDlFZ1B0ZXdRdVJod2pjTXpsR0F1bUlic2hPenJJT2dzTUJVNVZGTStNazhwUAp0TW5iaWJVTFdLNmptOHQzQVRadnRkYkFsblplSHJUSjlzN2lWQ2htUUNUY3FQdGdCRVV0c29wUnZyTnlzUFEzCnVkb1dpa1JkNGlkRkhCOC8xdEwrNzNXdm9YVW5ZQ1NqTE50NDhFYTlDNjJLSlJQN2lpVXczd2xqNHNzNXNLSjAKQUwyRUQwVzMvMWhhTnJBM1FsN29JdWl0ak9pT3JNckxoZnl3ZXNteFNZeXVxbnludzBFWDZaQ094aFRMcWVNdwpNZTJMR055YUdIeW5zakczdzBJYzd3SURBUUFCbzFZd1ZEQU9CZ05WSFE4QkFmOEVCQU1DQmFBd0V3WURWUjBsCkJBd3dDZ1lJS3dZQkJRVUhBd0l3REFZRFZSMFRBUUgvQkFJd0FEQWZCZ05WSFNNRUdEQVdnQlFVUDBkRmJuZWEKTjhYUWpVQzBGSk1GaEFsVTBEQU5CZ2txaGtpRzl3MEJBUXNGQUFPQ0FnRUFpRWRJRGdzR3JvWVN6bXRXS05ILwpyRWdPSk9wWDhiTnFiRk5yR0xtQ0tGTjYwNXhmTDVBVVZwR0JXeWtzVkV3M2pXSVoyTXdXTDhKVDJxdzNYRmVzCjY0MU9sR1I4YVB2eHN6V0I1UC9IZlg2VGwxeWc0bkE4WnBUZzIzbWVtc1NOV0FtaHdVcnNqc1hoYk9zQmswRE0KanNWYnc5S3F6Z1JYZnNuSzU4aHdNMzhMZytHTUVLcXlKUndJbXh3UFFtNmx4dUVpaWphUWJlMXdmNDAwYjRvMgoxa1p5Y1BKcFZXOUp3QWxNN2s4VFhnUmh4M2hyc3FLUVJmWjEwZEU2bElQeFhvT245d2lBeXJlZW9lQWxoMWR3ClR1WXFINVVKb3VQOTJYeUNBSjN4SmF4eERrc1I3WFU1c2w1OVFhU3VucDhHUEdTRk5nZUswV3FxYlZGNlpQUXIKc2RRZDJkVnZzM2pFWVA4aG1SVTJMMnM2VGNZdmRYZ2s1N1JnNkxENFFHdXg5ZTB5ZmU5aTVJYzJia2hTN1RLVgppTGFPMWdOdFltK0VUUTdUWURJTXllUHI5WkJPREQ0UGx1czRpQjg5K3V1UEhwNHhFVkE3T3MwTXNoSlJuNzhtCm1CQmtuYk5HazdDQkRLK3dqNnVmNWVlL3MrMTJjYUEyM3V0eTBIK0Z6a1VwMjFCWlBTbVJBa3dtTUFYMW45UXYKTnUrTHl5eTRvL1dmVGpseUYvY1NHbUVSNnlDREptc0lLTTFISDBnbkV2S0pXVEJjK0FKTzdkaVR6aTlMenEyNwplc003NVR5RjgwRmp5M2g3OURsWXlsMDJPa1FXTFB1ZmtPOGFTNHVIbVZmazNGRGY4OS9VU1kzYkFtMndaamNGCks2S2Vyb2t3bHVhL0pxOEdmdGgrdExnPQotLS0tLUVORCBDRVJUSUZJQ0FURS0tLS0tCg==",
                "client_key": "LS0tLS1CRUdJTiBSU0EgUFJJVkFURSBLRVktLS0tLQpNSUlKS1FJQkFBS0NBZ0VBcXh6ZVdhcHBpT1BsNzlhRFdZUk96aGdSaFNsWVp2clJKNjJuV3JIbDk0TFhzZHBxCkZPbGE5UWQ3b292NzBnZWYwSUNWUS9SMEwxZEQ3TVZpdFpzVGFzVlRjVEpvTVBKVGpvZWJieXF0K3ZjbSsydVQKRTdsNUEzZmpGeXAyUjJMdFFaaDZSdU5Vd01RRnRmWmVjZWNkY05kVWpoekVNcGlWZHgzNGF2RVl1bHA4NG1NbwpwM09nSTYxTXJ2bVJuUklRTzk4M0dINXJPZWcrd011dmpnNUdQd3hmQnV6c3o0QjRiWktiSUVzSjduTTZEQkdaClVsbTlFcG5VK245VzA1WGpSTDZwT0JDelpPTEt2TWJ1cHJFUUM5RklUMHVmSTQ4cENZM0RLd1o2YXI2bGl0QVgKYVhmSnBERzZ2QmI4cmQ5MEdCYWJ2UVphNktydVBrb1A3UVNJdGdzbHNMazYvN2RMcTZkZXlsVUIvM2tReWVlVwpHTVVRbkQ3RXBDYndSUzV5NnVrUEVnZ1BIRGtxUXovOUVBMUJXS2Vsd0xEbDJETEhhOS9tendKY2ZSSUQ3WHNFCkxrWWNJM0RNNVJnTHBpRzdJVHM2eURvTERBVk9WUlRQakpQS1Q3VEoyNG0xQzFpdW81dkxkd0UyYjdYV3dKWjIKWGg2MHlmYk80bFFvWmtBazNLajdZQVJGTGJLS1ViNnpjckQwTjduYUZvcEVYZUluUlJ3ZlA5YlMvdTkxcjZGMQpKMkFrb3l6YmVQQkd2UXV0aWlVVCs0b2xNTjhKWStMTE9iQ2lkQUM5aEE5RnQvOVlXamF3TjBKZTZDTG9yWXpvCmpxekt5NFg4c0hySnNVbU1ycXA4cDhOQkYrbVFqc1lVeTZuak1ESHRpeGpjbWhoOHA3SXh0OE5DSE84Q0F3RUEKQVFLQ0FnQlBoc1JFa2pJb1lCc080L2o2RXNiNWZEQXdYbTNxdHFtY3NsVzBqamZlV0I1ZFY3Q3o5VnpEd3UyUQpOMVViWVZYQ2R2Qm91K1YvMXlRSG1CbHZaQnFiSmdqSTlHOStTREhUYlcwdE5uM1R4U2lGODVKUXVZUG51OEY4Cms4eVRFd1JIMTFFRlAwUzFycVVrMDlORFJ2SGs3djhxYVc0NlFiWTl2VjBtZnRWS1R5SDVxYkpNV1MzVlJ3YjcKejV3QWoxT2lML1VRV2prRm1jNElsdUlKdU5LbkhOM1JmeTMwcHJYUjN6QmZ5dUJieFl2MTdmdi9UUnZWMkU4bQorU1htZ3FRMDRCUVByWnRpeVJFR3VjSlRFTG52ZEI0U1ZJZ3E0NjlqOUZILzNpdnBEcUFycXRrbXVIaXI2anpxCmpCaDF5d1BPNmpzSm1EbUtKMTlBN2ZVRzZIT012U1dTRGNNUzUyOXlFbU0xeS8xS3FzZTRTTkVPTk9WeUFvZFcKNHUyWjJEYnU4b1VCVU9qeGRUV3NRay8rOFRLdXNXNm10d1RSK09RbXM4OHBaR2hyYmhqVDZlUjdoQk5WblZjbwpqYSszdTN4ODQ0a1BJUDZ5V2RtbHhIcXV5N3VJTG1SZkdjaUpzaDlJMFNOb2dBcmUwU1VtVCtQbmpPNXZOc2VuCiszWFFvWXhJcFNqMGQrcHh4d2ZuNks1ODlvS3ZjS0Z5NXNseDNvOHBzU1dzUmNkWm90bUlqUkllWjBucmIrZ3kKNHc2Z0ZaMm1UUUdVMGdjc0ozYWVucllYcEdkZWt2bzIrSE5WMm4xc1prUHRTMWY1QWRkTGtYdTR0d3IvbUJlbQo4RDNKT1J6MTI2aElING1KLzVacC9DSE1DTkUxSjBnR29Td0R6UHZ6MDR3V0ZjNE9HUUtDQVFFQXhKZGNCSjM5ClQ4SWtudjl1cTJVRmtETDBHaHllMzNDSEQ4TXBubGJ2RC91dzAwcGZmOWRaUTBGZExwUmVpVFFJUVJpNUYzVFoKajBjU2ZiV3VtclIrVmlTV0RGYTk0c1QrY1NGN0U0dk4yay9kWG93eXBMT2ViMXM5V0VHa2FYZ0RjTWhlS2hneQpITlBGb1FuYkxhNzlVVkpqT2FYSGs1dnY0VDRQV285dXBBVjBKZDhJZDd4TnRKWkdCYXpZdVhPLy94eExTbU9PCk1Oa3BSeVhPcWtKTm5BV1lIQkpzUnpnZG9hY3IrcGlRbGF6dWRvK2JKeU5rbDNlY3IydEw0YjFJNHQra1gwN0YKVGxsdVZRWDhWMTgwTFVPb1plNm8rTjBFR0IxUXFhV0l4NDh4MUN2SXFqL0R3T1hYSW1xcU10ZDU4WUV2Nk5IeApqYnE0Q1dYU2o0UGRRd0tDQVFFQTN0SnpHa2pPR3hvQUxoY3hndGRrWFF6bzJnZEJhdUtxZUFYeVRJU05xdUNQCjZSS0VyVEpOeGFHL3Btb2FjR0V4dlRlNmprOGJXZ2pVS1F5WkR2OEhDclRzTnlUZ0Z6eWEzcGxOaExZZ3BvWnoKaG03V1VQUWZocnlzM0Z6THNlbVRXRjJwRDE0RTVCRk9ISzBKZERVekFRTjdpUVdjSUI4bFZJQmk3aStESGZvRgp1QmJTdlFPUjZIQ1luV215UWFzUU5zbXk4T2VCSGR4SC9PS3JqTE9wVERkOXNVQzJmeDFMOHBHZzY4QUVDRGpOCmpNZ05qWXNoUVNxOFBQVmpNV3BieVIxMHdiUllwcGpIanc5NERVRWJEK1BiNHdlaEEwd1ZVSzVLVTdIRUMvZ2kKVWtKcXkxMXkxKytVdXRhWlMyNTN4bTFNWEN0bEl0RjJHTzdwblpNUTVRS0NBUUJ6Z3l4Q1drSzVWcTRGN3JpcwpaTk44QXpTREUwWVdyQnZ3R3hDZFJSOTdHTHl4cWdXckxISDZuckdONlFnVFBrdUxWR2VOYk05WTdMM2t0NWc4CnRzbDAvRkplTmFtbFVYTGdMbmdPNkJxd3FEUytsVW84bEg0SG1HalhMdHJZVGZoWGtLUWp2OHZTUEd6blRzOUcKYklmVC9NRG80b3YrSTZZemh5K21XcGo4TDJncnlIMUZQWk83QklGb1hFT0wxSU4vOXJRV3BhQ3EreTdSNjFrZgptWTNZbTBEaFhjSFpweE5pSk1RbW52WjF2QUx5RHpkdks5Q3pYMGpsbWZvZ1RnUkJxbjcrc1Y0bHgwNlpEc2RTCjMxSGROdC8vNU5mTVFyRmhLZmgzZGhpRWlaTVJ4QmhJVU9kSXRNUlFLTFNRNHlOMzBCekNoSG1XZVp3aGlYN0wKYlFQWkFvSUJBUUNTbUdpTDJXeG9IaklTSU1ZOUs5Sm0rYkJVaVVON3U4YWxrbHY0QlpsaTI3MHlmVEYyOVVwLwpoTXdmQTEyRHBCNWlPOERzRVpXUUpaRFh0T2NhRzZVWllUQ3Jrd0l2cDNySWlwbWFmMng1d3FsTXY2MFdzNVh1ClFrR0Q5VFU2UnM3ZTZ6Zm4yVlprYWhJM0FZemZ2SVJpM1ZTd01GV29PSFdKNDdHeXZPV0ptazJhOE1FVEE3OUIKNnBvdHJqVk55T3F3OFFCZVNDRUZjVUNYV3RXOGl4TU9CdEFXQnRwS1JROExkczRsYkQzNjNzdzFIQVQybzV0cwpVVjVveUpUTEZRdHdCSVlsVHE2b1pJbWVVSElPWGxBY295K3ViUDE4dXRpbkxSUFBmbnZaMkJWVWcwZlpwaENCCmlxa1NSMCt4ZGVzdFRBbFo5bDdpaW1ZbFAwSEpudEVWQW9JQkFRQ3poNW93dUM5UzNnZmxSSm9abEhxUFpDOUIKVkZncllVSXFtQytYSk5hZWxzeU5jOHJTbnJhK2VWN2tQVDVTQnlKb0N2NEpZR09qMmVKYUhmMG9pRElQdEQ2QgpYd2oyU28xekNwRncvUmNSd01pUktqdE4zZzQxRVZjcFdBNkJocVRiYXNXRjdreks2RTZQdXkwcFRYQmFSd2VyCnhOZTcwd25QdjdKSS82aWgyS3RqcWdBRkt4dkNWSzAyd1BWKzRyblYxcGNXeVNqMEkxZWhEQW9rOUY3SEIyWG4KK1dYRXlZbVpUMWw3VEtoTXY5Tm9DSi9CbU1iY0V3UXJEcngyWDJhWm1mT3B3R09nLzI5eG9wbmhKWVlyKzRRRQowbkduYUJ0emxXdzdHU0grdzRSYTh4eHVqMkZjeUE1YzZpZ1ZpeFVGQVhsY0lzQ1V5NjN5MGpiRWZzRm0KLS0tLS1FTkQgUlNBIFBSSVZBVEUgS0VZLS0tLS0K",
                "cluster_ca_certificate": "LS0tLS1CRUdJTiBDRVJUSUZJQ0FURS0tLS0tCk1JSUU2RENDQXRDZ0F3SUJBZ0lRQXZFYmJPbFV2UW5MK3hGelRLZGxhekFOQmdrcWhraUc5dzBCQVFzRkFEQU4KTVFzd0NRWURWUVFERXdKallUQWdGdzB5TXpBeU1UZ3hOakl4TlRWYUdBOHlNRFV6TURJeE9ERTJNekUxTlZvdwpEVEVMTUFrR0ExVUVBeE1DWTJFd2dnSWlNQTBHQ1NxR1NJYjNEUUVCQVFVQUE0SUNEd0F3Z2dJS0FvSUNBUUN1CkZGdTMwUUVDcnQ1TnBtcGxmQkJJM1o5UnFEbW43UDhMaTFoTHZPOXZDTnRjcUlGV2VNVUZqeTJoQm1Nd1FiYzYKZlhoQ3FyRmZZOE1yQlVPS0pub0w3bUZPb0dQdndOakNSa0hmb3RLT3pKTkNSSGdmK1VkMzJTY011aEVRU1QyTApuZFFhSEFVOHZTdkljUkFnQ3ZKT1BsbU5LRFFPQ1RVTmV6a0gxa0J3VGFab3Nva2tqeGg4Zm54akZTNEYwTi95ClkwWE1HeDl1ODhkTklSUEJpQitWcWxmMExHWDhIQ2Q3QTNMRHhhekpFeldsZmh5d3FqbzB2ek5MSE1IZm9kelMKSVBXQmhPYjQ4QWpOVmtndDEvdW5RYjgyWU1BTFlmcWx5WmpjMzh2dXRDNVdIYjdmNlg5R1d4anFyNDJpVEV3UApDOHV0eHlLMTlnMkNKTFZFaWlBV1BLdTBGdlVmMjdhR3JGbFlMOS8zNkNVUngrWHRoWCs2ZnN0TTFLUHpNNFZhCk95cFU3Smt5c05ySzdzSXVFTEhIdEExV3RCV0xXbGllNXpqU28wcmdmeGxEaWJpd2s5N2FTeUVHeEVJWUdzek8KYld0UVA1TG00VTl5WWwzNEUwUllHVXJIazNTaWpmR2JkZHNkclF6QTZmQnVQQnZ3Qm5xQWVCRU5nblQyMEZEdwpydWphK250WGI3bGhPL1VnMUprbTVveW1YMUZXRWNBS1VLb0RBYjVEVGtYcnlodm1ZeVgrWXppWkMwcGJCV05WCnVWQU8rM0ZtUGU1TWdmU2JlbzN0WE9VODBrK0ptMXFrM2ZkakRuQ25vU0NReWV5N2dpekJOQzdkQmRxVHRnUEEKVTRZV0tEYW11dFRvcjBWUXpsWnl1aUtWNXlLM2lmeUFsL3pHY1pPcnl3SURBUUFCbzBJd1FEQU9CZ05WSFE4QgpBZjhFQkFNQ0FxUXdEd1lEVlIwVEFRSC9CQVV3QXdFQi96QWRCZ05WSFE0RUZnUVVGRDlIUlc1M21qZkYwSTFBCnRCU1RCWVFKVk5Bd0RRWUpLb1pJaHZjTkFRRUxCUUFEZ2dJQkFJMVd1MnEzYk5US3gvYlJrbWg2N3luVDA1LzUKQTR2TWhMT3hKdXBtVzZORVZMVHd5d3pyN0pmb0FtRUpJNW9EVlBpeUJrT25keHJ5eXlWQUlTclIzTTQyUSthUAp3OFNsSzJyT2xvcmdkRHZjK3Y2SHNNVk9aZUFGVFZkdWpjMmEzbm52VjVvRWp3eTNJT2Y1aEsyLzVXRWhxYUFwCjVHeFhYTlJBMUVEdFNnZmRMRFc5UFpqS0pWOW9XVVN3eUlxRG9YNVowaDZXaTV4T0d0YURNNnZSeXFaNElsWGcKczdENk9nVUY1WGlFM2lVSGVVK2NiL1JsNlRMaHlxUGZERFBmcFV2YzBSU1dBS2s1U3FtQUduTnN6czZXUEpnegpndk00NHpZS2oySHgwM2dMZ09PcnZQUmdZUHFHT2MrVGNTL0YvL2lQRWRiY1ZaekJ0cndiUDd5eWI4d2xaYUVmCjJQSDFwd0dodlM4RUtvSUMvWkZ4SkFIQ3lIUDlYcWlaOWl2dTNSZ0ZFMU9DdTVKZ2xKOHp4aVg3ZTdLZ2dIN1cKOXFuTERyKzhzNHllb2RkRVY1YnVDUzFMUDlTVkdadEhEN3JqMXFodnV0cjdlTERTZkJwSkJSWS8vc1RZRDQvTApRQmJhdGJ1N0dqTXVEM2dsSmt6cllUb0JsMzVMa1NJVFJGUnp0Q3RzbG9INkRBbTE2dUNWcHA1c3ByeXZyNkRrCmhLbG9JSXN2S2ZTdFErQU12blRxMzNWa25haWV6TGRWdG56SVdhRUh1NlJjV1o0Tis1OUEzUUthcVJlS1NYaTgKQi94bXBhaWRiVDkyVUVickt6aFBzbmYzbXFrVEtOSlRaSkViZFV3M3JQYWFqMWkwNlYxc1RsaVlUNVJRUlJLQQpwL2xpenZISGordFY3Kzh1Ci0tLS0tRU5EIENFUlRJRklDQVRFLS0tLS0K",
                "host": "https://aksdemo-ef4dbc1c.hcp.eastus.azmk8s.io:443",
                "password": "1fce5ea366794f366229e7dbfb1772f21bc3b5574ea965f8807bf8884c1116d24b5e0b5da1e5b9e645eefbfa260157c92a3b50147d0e4bb818ad3aea07ef2413",
                "username": "clusterUser_DemoRG1_aksdemo"
              }
            ],
            "kube_config_raw": "apiVersion: v1\nclusters:\n- cluster:\n    certificate-authority-data: LS0tLS1CRUdJTiBDRVJUSUZJQ0FURS0tLS0tCk1JSUU2RENDQXRDZ0F3SUJBZ0lRQXZFYmJPbFV2UW5MK3hGelRLZGxhekFOQmdrcWhraUc5dzBCQVFzRkFEQU4KTVFzd0NRWURWUVFERXdKallUQWdGdzB5TXpBeU1UZ3hOakl4TlRWYUdBOHlNRFV6TURJeE9ERTJNekUxTlZvdwpEVEVMTUFrR0ExVUVBeE1DWTJFd2dnSWlNQTBHQ1NxR1NJYjNEUUVCQVFVQUE0SUNEd0F3Z2dJS0FvSUNBUUN1CkZGdTMwUUVDcnQ1TnBtcGxmQkJJM1o5UnFEbW43UDhMaTFoTHZPOXZDTnRjcUlGV2VNVUZqeTJoQm1Nd1FiYzYKZlhoQ3FyRmZZOE1yQlVPS0pub0w3bUZPb0dQdndOakNSa0hmb3RLT3pKTkNSSGdmK1VkMzJTY011aEVRU1QyTApuZFFhSEFVOHZTdkljUkFnQ3ZKT1BsbU5LRFFPQ1RVTmV6a0gxa0J3VGFab3Nva2tqeGg4Zm54akZTNEYwTi95ClkwWE1HeDl1ODhkTklSUEJpQitWcWxmMExHWDhIQ2Q3QTNMRHhhekpFeldsZmh5d3FqbzB2ek5MSE1IZm9kelMKSVBXQmhPYjQ4QWpOVmtndDEvdW5RYjgyWU1BTFlmcWx5WmpjMzh2dXRDNVdIYjdmNlg5R1d4anFyNDJpVEV3UApDOHV0eHlLMTlnMkNKTFZFaWlBV1BLdTBGdlVmMjdhR3JGbFlMOS8zNkNVUngrWHRoWCs2ZnN0TTFLUHpNNFZhCk95cFU3Smt5c05ySzdzSXVFTEhIdEExV3RCV0xXbGllNXpqU28wcmdmeGxEaWJpd2s5N2FTeUVHeEVJWUdzek8KYld0UVA1TG00VTl5WWwzNEUwUllHVXJIazNTaWpmR2JkZHNkclF6QTZmQnVQQnZ3Qm5xQWVCRU5nblQyMEZEdwpydWphK250WGI3bGhPL1VnMUprbTVveW1YMUZXRWNBS1VLb0RBYjVEVGtYcnlodm1ZeVgrWXppWkMwcGJCV05WCnVWQU8rM0ZtUGU1TWdmU2JlbzN0WE9VODBrK0ptMXFrM2ZkakRuQ25vU0NReWV5N2dpekJOQzdkQmRxVHRnUEEKVTRZV0tEYW11dFRvcjBWUXpsWnl1aUtWNXlLM2lmeUFsL3pHY1pPcnl3SURBUUFCbzBJd1FEQU9CZ05WSFE4QgpBZjhFQkFNQ0FxUXdEd1lEVlIwVEFRSC9CQVV3QXdFQi96QWRCZ05WSFE0RUZnUVVGRDlIUlc1M21qZkYwSTFBCnRCU1RCWVFKVk5Bd0RRWUpLb1pJaHZjTkFRRUxCUUFEZ2dJQkFJMVd1MnEzYk5US3gvYlJrbWg2N3luVDA1LzUKQTR2TWhMT3hKdXBtVzZORVZMVHd5d3pyN0pmb0FtRUpJNW9EVlBpeUJrT25keHJ5eXlWQUlTclIzTTQyUSthUAp3OFNsSzJyT2xvcmdkRHZjK3Y2SHNNVk9aZUFGVFZkdWpjMmEzbm52VjVvRWp3eTNJT2Y1aEsyLzVXRWhxYUFwCjVHeFhYTlJBMUVEdFNnZmRMRFc5UFpqS0pWOW9XVVN3eUlxRG9YNVowaDZXaTV4T0d0YURNNnZSeXFaNElsWGcKczdENk9nVUY1WGlFM2lVSGVVK2NiL1JsNlRMaHlxUGZERFBmcFV2YzBSU1dBS2s1U3FtQUduTnN6czZXUEpnegpndk00NHpZS2oySHgwM2dMZ09PcnZQUmdZUHFHT2MrVGNTL0YvL2lQRWRiY1ZaekJ0cndiUDd5eWI4d2xaYUVmCjJQSDFwd0dodlM4RUtvSUMvWkZ4SkFIQ3lIUDlYcWlaOWl2dTNSZ0ZFMU9DdTVKZ2xKOHp4aVg3ZTdLZ2dIN1cKOXFuTERyKzhzNHllb2RkRVY1YnVDUzFMUDlTVkdadEhEN3JqMXFodnV0cjdlTERTZkJwSkJSWS8vc1RZRDQvTApRQmJhdGJ1N0dqTXVEM2dsSmt6cllUb0JsMzVMa1NJVFJGUnp0Q3RzbG9INkRBbTE2dUNWcHA1c3ByeXZyNkRrCmhLbG9JSXN2S2ZTdFErQU12blRxMzNWa25haWV6TGRWdG56SVdhRUh1NlJjV1o0Tis1OUEzUUthcVJlS1NYaTgKQi94bXBhaWRiVDkyVUVickt6aFBzbmYzbXFrVEtOSlRaSkViZFV3M3JQYWFqMWkwNlYxc1RsaVlUNVJRUlJLQQpwL2xpenZISGordFY3Kzh1Ci0tLS0tRU5EIENFUlRJRklDQVRFLS0tLS0K\n    server: https://aksdemo-ef4dbc1c.hcp.eastus.azmk8s.io:443\n  name: aksdemo\ncontexts:\n- context:\n    cluster: aksdemo\n    user: clusterUser_DemoRG1_aksdemo\n  name: aksdemo\ncurrent-context: aksdemo\nkind: Config\npreferences: {}\nusers:\n- name: clusterUser_DemoRG1_aksdemo\n  user:\n    client-certificate-data: LS0tLS1CRUdJTiBDRVJUSUZJQ0FURS0tLS0tCk1JSUZIVENDQXdXZ0F3SUJBZ0lRQmpqaXo1ZzZIMkUvaWplU0swdi93REFOQmdrcWhraUc5dzBCQVFzRkFEQU4KTVFzd0NRWURWUVFERXdKallUQWVGdzB5TXpBeU1UZ3hOakl4TlRWYUZ3MHlOVEF5TVRneE5qTXhOVFZhTURBeApGekFWQmdOVkJBb1REbk41YzNSbGJUcHRZWE4wWlhKek1SVXdFd1lEVlFRREV3eHRZWE4wWlhKamJHbGxiblF3CmdnSWlNQTBHQ1NxR1NJYjNEUUVCQVFVQUE0SUNEd0F3Z2dJS0FvSUNBUUNySE41WnFtbUk0K1h2MW9OWmhFN08KR0JHRktWaG0rdEVucmFkYXNlWDNndGV4Mm1vVTZWcjFCM3VpaS92U0I1L1FnSlZEOUhRdlYwUHN4V0sxbXhOcQp4Vk54TW1ndzhsT09oNXR2S3EzNjl5YjdhNU1UdVhrRGQrTVhLblpIWXUxQm1IcEc0MVRBeEFXMTlsNXg1eDF3CjExU09ITVF5bUpWM0hmaHE4Umk2V256aVl5aW5jNkFqclV5dStaR2RFaEE3M3pjWWZtczU2RDdBeTYrT0RrWS8KREY4RzdPelBnSGh0a3BzZ1N3bnVjem9NRVpsU1diMFNtZFQ2ZjFiVGxlTkV2cWs0RUxOazRzcTh4dTZtc1JBTAowVWhQUzU4amp5a0pqY01yQm5wcXZxV0swQmRwZDhta01icThGdnl0MzNRWUZwdTlCbHJvcXU0K1NnL3RCSWkyCkN5V3d1VHIvdDB1cnAxN0tWUUgvZVJESjU1WVl4UkNjUHNTa0p2QkZMbkxxNlE4U0NBOGNPU3BEUC8wUURVRlkKcDZYQXNPWFlNc2RyMytiUEFseDlFZ1B0ZXdRdVJod2pjTXpsR0F1bUlic2hPenJJT2dzTUJVNVZGTStNazhwUAp0TW5iaWJVTFdLNmptOHQzQVRadnRkYkFsblplSHJUSjlzN2lWQ2htUUNUY3FQdGdCRVV0c29wUnZyTnlzUFEzCnVkb1dpa1JkNGlkRkhCOC8xdEwrNzNXdm9YVW5ZQ1NqTE50NDhFYTlDNjJLSlJQN2lpVXczd2xqNHNzNXNLSjAKQUwyRUQwVzMvMWhhTnJBM1FsN29JdWl0ak9pT3JNckxoZnl3ZXNteFNZeXVxbnludzBFWDZaQ094aFRMcWVNdwpNZTJMR055YUdIeW5zakczdzBJYzd3SURBUUFCbzFZd1ZEQU9CZ05WSFE4QkFmOEVCQU1DQmFBd0V3WURWUjBsCkJBd3dDZ1lJS3dZQkJRVUhBd0l3REFZRFZSMFRBUUgvQkFJd0FEQWZCZ05WSFNNRUdEQVdnQlFVUDBkRmJuZWEKTjhYUWpVQzBGSk1GaEFsVTBEQU5CZ2txaGtpRzl3MEJBUXNGQUFPQ0FnRUFpRWRJRGdzR3JvWVN6bXRXS05ILwpyRWdPSk9wWDhiTnFiRk5yR0xtQ0tGTjYwNXhmTDVBVVZwR0JXeWtzVkV3M2pXSVoyTXdXTDhKVDJxdzNYRmVzCjY0MU9sR1I4YVB2eHN6V0I1UC9IZlg2VGwxeWc0bkE4WnBUZzIzbWVtc1NOV0FtaHdVcnNqc1hoYk9zQmswRE0KanNWYnc5S3F6Z1JYZnNuSzU4aHdNMzhMZytHTUVLcXlKUndJbXh3UFFtNmx4dUVpaWphUWJlMXdmNDAwYjRvMgoxa1p5Y1BKcFZXOUp3QWxNN2s4VFhnUmh4M2hyc3FLUVJmWjEwZEU2bElQeFhvT245d2lBeXJlZW9lQWxoMWR3ClR1WXFINVVKb3VQOTJYeUNBSjN4SmF4eERrc1I3WFU1c2w1OVFhU3VucDhHUEdTRk5nZUswV3FxYlZGNlpQUXIKc2RRZDJkVnZzM2pFWVA4aG1SVTJMMnM2VGNZdmRYZ2s1N1JnNkxENFFHdXg5ZTB5ZmU5aTVJYzJia2hTN1RLVgppTGFPMWdOdFltK0VUUTdUWURJTXllUHI5WkJPREQ0UGx1czRpQjg5K3V1UEhwNHhFVkE3T3MwTXNoSlJuNzhtCm1CQmtuYk5HazdDQkRLK3dqNnVmNWVlL3MrMTJjYUEyM3V0eTBIK0Z6a1VwMjFCWlBTbVJBa3dtTUFYMW45UXYKTnUrTHl5eTRvL1dmVGpseUYvY1NHbUVSNnlDREptc0lLTTFISDBnbkV2S0pXVEJjK0FKTzdkaVR6aTlMenEyNwplc003NVR5RjgwRmp5M2g3OURsWXlsMDJPa1FXTFB1ZmtPOGFTNHVIbVZmazNGRGY4OS9VU1kzYkFtMndaamNGCks2S2Vyb2t3bHVhL0pxOEdmdGgrdExnPQotLS0tLUVORCBDRVJUSUZJQ0FURS0tLS0tCg==\n    client-key-data: LS0tLS1CRUdJTiBSU0EgUFJJVkFURSBLRVktLS0tLQpNSUlKS1FJQkFBS0NBZ0VBcXh6ZVdhcHBpT1BsNzlhRFdZUk96aGdSaFNsWVp2clJKNjJuV3JIbDk0TFhzZHBxCkZPbGE5UWQ3b292NzBnZWYwSUNWUS9SMEwxZEQ3TVZpdFpzVGFzVlRjVEpvTVBKVGpvZWJieXF0K3ZjbSsydVQKRTdsNUEzZmpGeXAyUjJMdFFaaDZSdU5Vd01RRnRmWmVjZWNkY05kVWpoekVNcGlWZHgzNGF2RVl1bHA4NG1NbwpwM09nSTYxTXJ2bVJuUklRTzk4M0dINXJPZWcrd011dmpnNUdQd3hmQnV6c3o0QjRiWktiSUVzSjduTTZEQkdaClVsbTlFcG5VK245VzA1WGpSTDZwT0JDelpPTEt2TWJ1cHJFUUM5RklUMHVmSTQ4cENZM0RLd1o2YXI2bGl0QVgKYVhmSnBERzZ2QmI4cmQ5MEdCYWJ2UVphNktydVBrb1A3UVNJdGdzbHNMazYvN2RMcTZkZXlsVUIvM2tReWVlVwpHTVVRbkQ3RXBDYndSUzV5NnVrUEVnZ1BIRGtxUXovOUVBMUJXS2Vsd0xEbDJETEhhOS9tendKY2ZSSUQ3WHNFCkxrWWNJM0RNNVJnTHBpRzdJVHM2eURvTERBVk9WUlRQakpQS1Q3VEoyNG0xQzFpdW81dkxkd0UyYjdYV3dKWjIKWGg2MHlmYk80bFFvWmtBazNLajdZQVJGTGJLS1ViNnpjckQwTjduYUZvcEVYZUluUlJ3ZlA5YlMvdTkxcjZGMQpKMkFrb3l6YmVQQkd2UXV0aWlVVCs0b2xNTjhKWStMTE9iQ2lkQUM5aEE5RnQvOVlXamF3TjBKZTZDTG9yWXpvCmpxekt5NFg4c0hySnNVbU1ycXA4cDhOQkYrbVFqc1lVeTZuak1ESHRpeGpjbWhoOHA3SXh0OE5DSE84Q0F3RUEKQVFLQ0FnQlBoc1JFa2pJb1lCc080L2o2RXNiNWZEQXdYbTNxdHFtY3NsVzBqamZlV0I1ZFY3Q3o5VnpEd3UyUQpOMVViWVZYQ2R2Qm91K1YvMXlRSG1CbHZaQnFiSmdqSTlHOStTREhUYlcwdE5uM1R4U2lGODVKUXVZUG51OEY4Cms4eVRFd1JIMTFFRlAwUzFycVVrMDlORFJ2SGs3djhxYVc0NlFiWTl2VjBtZnRWS1R5SDVxYkpNV1MzVlJ3YjcKejV3QWoxT2lML1VRV2prRm1jNElsdUlKdU5LbkhOM1JmeTMwcHJYUjN6QmZ5dUJieFl2MTdmdi9UUnZWMkU4bQorU1htZ3FRMDRCUVByWnRpeVJFR3VjSlRFTG52ZEI0U1ZJZ3E0NjlqOUZILzNpdnBEcUFycXRrbXVIaXI2anpxCmpCaDF5d1BPNmpzSm1EbUtKMTlBN2ZVRzZIT012U1dTRGNNUzUyOXlFbU0xeS8xS3FzZTRTTkVPTk9WeUFvZFcKNHUyWjJEYnU4b1VCVU9qeGRUV3NRay8rOFRLdXNXNm10d1RSK09RbXM4OHBaR2hyYmhqVDZlUjdoQk5WblZjbwpqYSszdTN4ODQ0a1BJUDZ5V2RtbHhIcXV5N3VJTG1SZkdjaUpzaDlJMFNOb2dBcmUwU1VtVCtQbmpPNXZOc2VuCiszWFFvWXhJcFNqMGQrcHh4d2ZuNks1ODlvS3ZjS0Z5NXNseDNvOHBzU1dzUmNkWm90bUlqUkllWjBucmIrZ3kKNHc2Z0ZaMm1UUUdVMGdjc0ozYWVucllYcEdkZWt2bzIrSE5WMm4xc1prUHRTMWY1QWRkTGtYdTR0d3IvbUJlbQo4RDNKT1J6MTI2aElING1KLzVacC9DSE1DTkUxSjBnR29Td0R6UHZ6MDR3V0ZjNE9HUUtDQVFFQXhKZGNCSjM5ClQ4SWtudjl1cTJVRmtETDBHaHllMzNDSEQ4TXBubGJ2RC91dzAwcGZmOWRaUTBGZExwUmVpVFFJUVJpNUYzVFoKajBjU2ZiV3VtclIrVmlTV0RGYTk0c1QrY1NGN0U0dk4yay9kWG93eXBMT2ViMXM5V0VHa2FYZ0RjTWhlS2hneQpITlBGb1FuYkxhNzlVVkpqT2FYSGs1dnY0VDRQV285dXBBVjBKZDhJZDd4TnRKWkdCYXpZdVhPLy94eExTbU9PCk1Oa3BSeVhPcWtKTm5BV1lIQkpzUnpnZG9hY3IrcGlRbGF6dWRvK2JKeU5rbDNlY3IydEw0YjFJNHQra1gwN0YKVGxsdVZRWDhWMTgwTFVPb1plNm8rTjBFR0IxUXFhV0l4NDh4MUN2SXFqL0R3T1hYSW1xcU10ZDU4WUV2Nk5IeApqYnE0Q1dYU2o0UGRRd0tDQVFFQTN0SnpHa2pPR3hvQUxoY3hndGRrWFF6bzJnZEJhdUtxZUFYeVRJU05xdUNQCjZSS0VyVEpOeGFHL3Btb2FjR0V4dlRlNmprOGJXZ2pVS1F5WkR2OEhDclRzTnlUZ0Z6eWEzcGxOaExZZ3BvWnoKaG03V1VQUWZocnlzM0Z6THNlbVRXRjJwRDE0RTVCRk9ISzBKZERVekFRTjdpUVdjSUI4bFZJQmk3aStESGZvRgp1QmJTdlFPUjZIQ1luV215UWFzUU5zbXk4T2VCSGR4SC9PS3JqTE9wVERkOXNVQzJmeDFMOHBHZzY4QUVDRGpOCmpNZ05qWXNoUVNxOFBQVmpNV3BieVIxMHdiUllwcGpIanc5NERVRWJEK1BiNHdlaEEwd1ZVSzVLVTdIRUMvZ2kKVWtKcXkxMXkxKytVdXRhWlMyNTN4bTFNWEN0bEl0RjJHTzdwblpNUTVRS0NBUUJ6Z3l4Q1drSzVWcTRGN3JpcwpaTk44QXpTREUwWVdyQnZ3R3hDZFJSOTdHTHl4cWdXckxISDZuckdONlFnVFBrdUxWR2VOYk05WTdMM2t0NWc4CnRzbDAvRkplTmFtbFVYTGdMbmdPNkJxd3FEUytsVW84bEg0SG1HalhMdHJZVGZoWGtLUWp2OHZTUEd6blRzOUcKYklmVC9NRG80b3YrSTZZemh5K21XcGo4TDJncnlIMUZQWk83QklGb1hFT0wxSU4vOXJRV3BhQ3EreTdSNjFrZgptWTNZbTBEaFhjSFpweE5pSk1RbW52WjF2QUx5RHpkdks5Q3pYMGpsbWZvZ1RnUkJxbjcrc1Y0bHgwNlpEc2RTCjMxSGROdC8vNU5mTVFyRmhLZmgzZGhpRWlaTVJ4QmhJVU9kSXRNUlFLTFNRNHlOMzBCekNoSG1XZVp3aGlYN0wKYlFQWkFvSUJBUUNTbUdpTDJXeG9IaklTSU1ZOUs5Sm0rYkJVaVVON3U4YWxrbHY0QlpsaTI3MHlmVEYyOVVwLwpoTXdmQTEyRHBCNWlPOERzRVpXUUpaRFh0T2NhRzZVWllUQ3Jrd0l2cDNySWlwbWFmMng1d3FsTXY2MFdzNVh1ClFrR0Q5VFU2UnM3ZTZ6Zm4yVlprYWhJM0FZemZ2SVJpM1ZTd01GV29PSFdKNDdHeXZPV0ptazJhOE1FVEE3OUIKNnBvdHJqVk55T3F3OFFCZVNDRUZjVUNYV3RXOGl4TU9CdEFXQnRwS1JROExkczRsYkQzNjNzdzFIQVQybzV0cwpVVjVveUpUTEZRdHdCSVlsVHE2b1pJbWVVSElPWGxBY295K3ViUDE4dXRpbkxSUFBmbnZaMkJWVWcwZlpwaENCCmlxa1NSMCt4ZGVzdFRBbFo5bDdpaW1ZbFAwSEpudEVWQW9JQkFRQ3poNW93dUM5UzNnZmxSSm9abEhxUFpDOUIKVkZncllVSXFtQytYSk5hZWxzeU5jOHJTbnJhK2VWN2tQVDVTQnlKb0N2NEpZR09qMmVKYUhmMG9pRElQdEQ2QgpYd2oyU28xekNwRncvUmNSd01pUktqdE4zZzQxRVZjcFdBNkJocVRiYXNXRjdreks2RTZQdXkwcFRYQmFSd2VyCnhOZTcwd25QdjdKSS82aWgyS3RqcWdBRkt4dkNWSzAyd1BWKzRyblYxcGNXeVNqMEkxZWhEQW9rOUY3SEIyWG4KK1dYRXlZbVpUMWw3VEtoTXY5Tm9DSi9CbU1iY0V3UXJEcngyWDJhWm1mT3B3R09nLzI5eG9wbmhKWVlyKzRRRQowbkduYUJ0emxXdzdHU0grdzRSYTh4eHVqMkZjeUE1YzZpZ1ZpeFVGQVhsY0lzQ1V5NjN5MGpiRWZzRm0KLS0tLS1FTkQgUlNBIFBSSVZBVEUgS0VZLS0tLS0K\n    token: 1fce5ea366794f366229e7dbfb1772f21bc3b5574ea965f8807bf8884c1116d24b5e0b5da1e5b9e645eefbfa260157c92a3b50147d0e4bb818ad3aea07ef2413\n",
            "kubelet_identity": [
              {
                "client_id": "fc5e9cfb-06e8-498a-923e-f5148efcd8ea",
                "object_id": "da4696f4-943c-4ab5-827c-9a56fcc5ac53",
                "user_assigned_identity_id": "/subscriptions/8f0ccddf-4f60-4029-8910-20a665e4c740/resourcegroups/MC_DemoRG1_aksdemo_eastus/providers/Microsoft.ManagedIdentity/userAssignedIdentities/aksdemo-agentpool"
              }
            ],
            "kubernetes_version": "1.24.9",
            "linux_profile": [],
            "location": "eastus",
            "name": "aksdemo",
            "network_profile": [
              {
                "dns_service_ip": "10.0.0.10",
                "docker_bridge_cidr": "172.17.0.1/16",
                "load_balancer_profile": [
                  {
                    "effective_outbound_ips": [
                      "/subscriptions/8f0ccddf-4f60-4029-8910-20a665e4c740/resourceGroups/MC_DemoRG1_aksdemo_eastus/providers/Microsoft.Network/publicIPAddresses/90241747-82b6-4986-b76a-515bffd52d1f"
                    ],
                    "idle_timeout_in_minutes": 0,
                    "managed_outbound_ip_count": 1,
                    "outbound_ip_address_ids": [],
                    "outbound_ip_prefix_ids": [],
                    "outbound_ports_allocated": 0
                  }
                ],
                "load_balancer_sku": "Standard",
                "network_plugin": "kubenet",
                "network_policy": "",
                "outbound_type": "loadBalancer",
                "pod_cidr": "10.244.0.0/16",
                "service_cidr": "10.0.0.0/16"
              }
            ],
            "node_resource_group": "MC_DemoRG1_aksdemo_eastus",
            "private_cluster_enabled": false,
            "private_fqdn": "",
            "private_link_enabled": false,
            "resource_group_name": "DemoRG1",
            "role_based_access_control": [
              {
                "azure_active_directory": [],
                "enabled": false
              }
            ],
            "service_principal": [],
            "sku_tier": "Free",
            "tags": {},
            "timeouts": null,
            "windows_profile": []
          },
          "sensitive_attributes": [],
          "private": "eyJlMmJmYjczMC1lY2FhLTExZTYtOGY4OC0zNDM2M2JjN2M0YzAiOnsiY3JlYXRlIjo1NDAwMDAwMDAwMDAwLCJkZWxldGUiOjU0MDAwMDAwMDAwMDAsInJlYWQiOjMwMDAwMDAwMDAwMCwidXBkYXRlIjo1NDAwMDAwMDAwMDAwfX0=",
          "dependencies": [
            "azurerm_resource_group.DemoRG1"
          ]
        }
      ]
    },
    {
      "mode": "managed",
      "type": "azurerm_linux_virtual_machine",
      "name": "demo-az-dev",
      "provider": "provider[\"registry.terraform.io/hashicorp/azurerm\"]",
      "instances": [
        {
          "schema_version": 0,
          "attributes": {
            "additional_capabilities": [],
            "admin_password": "ignored-as-imported",
            "admin_ssh_key": [],
            "admin_username": "azdev",
            "allow_extension_operations": true,
            "availability_set_id": "",
            "boot_diagnostics": [
              {
                "storage_account_uri": ""
              }
            ],
            "computer_name": "demo-az-dev",
            "custom_data": null,
            "dedicated_host_id": "",
            "disable_password_authentication": false,
            "encryption_at_host_enabled": false,
            "eviction_policy": "",
            "extensions_time_budget": "PT1H30M",
            "id": "/subscriptions/8f0ccddf-4f60-4029-8910-20a665e4c740/resourceGroups/DemoRG1/providers/Microsoft.Compute/virtualMachines/demo-az-dev",
            "identity": [],
            "location": "eastus",
            "max_bid_price": -1,
            "name": "demo-az-dev",
            "network_interface_ids": [
              "/subscriptions/8f0ccddf-4f60-4029-8910-20a665e4c740/resourceGroups/DemoRG1/providers/Microsoft.Network/networkInterfaces/demo-az-dev976"
            ],
            "os_disk": [
              {
                "caching": "ReadWrite",
                "diff_disk_settings": [],
                "disk_encryption_set_id": "",
                "disk_size_gb": 30,
                "name": "demo-az-dev_disk1_9756668da52b44e19422afef7c8a9529",
                "storage_account_type": "Premium_LRS",
                "write_accelerator_enabled": false
              }
            ],
            "plan": [],
            "priority": "Regular",
            "private_ip_address": "10.0.0.4",
            "private_ip_addresses": [
              "10.0.0.4"
            ],
            "provision_vm_agent": true,
            "proximity_placement_group_id": "",
            "public_ip_address": "20.121.192.75",
            "public_ip_addresses": [
              "20.121.192.75"
            ],
            "resource_group_name": "DemoRG1",
            "secret": [],
            "size": "Standard_D2s_v3",
            "source_image_id": "",
            "source_image_reference": [
              {
                "offer": "0001-com-ubuntu-server-focal",
                "publisher": "canonical",
                "sku": "20_04-lts-gen2",
                "version": "latest"
              }
            ],
            "tags": {},
            "timeouts": {
              "create": null,
              "delete": null,
              "read": null,
              "update": null
            },
            "virtual_machine_id": "706f6953-1422-419c-9db1-d7a2c8d00ccf",
            "virtual_machine_scale_set_id": "",
            "zone": ""
          },
          "sensitive_attributes": [],
          "private": "eyJlMmJmYjczMC1lY2FhLTExZTYtOGY4OC0zNDM2M2JjN2M0YzAiOnsiY3JlYXRlIjoyNzAwMDAwMDAwMDAwLCJkZWxldGUiOjI3MDAwMDAwMDAwMDAsInJlYWQiOjMwMDAwMDAwMDAwMCwidXBkYXRlIjoyNzAwMDAwMDAwMDAwfSwic2NoZW1hX3ZlcnNpb24iOiIwIn0=",
          "dependencies": [
            "azurerm_network_interface.res-9",
            "azurerm_public_ip.res-20",
            "azurerm_resource_group.DemoRG1",
            "azurerm_subnet.res-23",
            "azurerm_virtual_network.res-22"
          ]
        }
      ]
    },
    {
      "mode": "managed",
      "type": "azurerm_linux_virtual_machine",
      "name": "demo-az-jenkins",
      "provider": "provider[\"registry.terraform.io/hashicorp/azurerm\"]",
      "instances": [
        {
          "schema_version": 0,
          "attributes": {
            "additional_capabilities": [],
            "admin_password": "ignored-as-imported",
            "admin_ssh_key": [],
            "admin_username": "azdev",
            "allow_extension_operations": true,
            "availability_set_id": "",
            "boot_diagnostics": [
              {
                "storage_account_uri": ""
              }
            ],
            "computer_name": "demo-az-jenkins",
            "custom_data": null,
            "dedicated_host_id": "",
            "disable_password_authentication": false,
            "encryption_at_host_enabled": false,
            "eviction_policy": "",
            "extensions_time_budget": "PT1H30M",
            "id": "/subscriptions/8f0ccddf-4f60-4029-8910-20a665e4c740/resourceGroups/DemoRG1/providers/Microsoft.Compute/virtualMachines/demo-az-jenkins",
            "identity": [],
            "location": "eastus",
            "max_bid_price": -1,
            "name": "demo-az-jenkins",
            "network_interface_ids": [
              "/subscriptions/8f0ccddf-4f60-4029-8910-20a665e4c740/resourceGroups/DemoRG1/providers/Microsoft.Network/networkInterfaces/demo-az-jenkins319"
            ],
            "os_disk": [
              {
                "caching": "ReadWrite",
                "diff_disk_settings": [],
                "disk_encryption_set_id": "",
                "disk_size_gb": 30,
                "name": "demo-az-jenkins_OsDisk_1_f00e12258c254c2a9457bfef409d3ec9",
                "storage_account_type": "Premium_LRS",
                "write_accelerator_enabled": false
              }
            ],
            "plan": [],
            "priority": "Regular",
            "private_ip_address": "10.0.0.5",
            "private_ip_addresses": [
              "10.0.0.5"
            ],
            "provision_vm_agent": true,
            "proximity_placement_group_id": "",
            "public_ip_address": "4.246.222.141",
            "public_ip_addresses": [
              "4.246.222.141"
            ],
            "resource_group_name": "DemoRG1",
            "secret": [],
            "size": "Standard_D2s_v3",
            "source_image_id": "",
            "source_image_reference": [
              {
                "offer": "0001-com-ubuntu-server-focal",
                "publisher": "canonical",
                "sku": "20_04-lts-gen2",
                "version": "latest"
              }
            ],
            "tags": {},
            "timeouts": {
              "create": null,
              "delete": null,
              "read": null,
              "update": null
            },
            "virtual_machine_id": "546b232a-c6d3-4a8a-aaa5-ef32ad8da1b2",
            "virtual_machine_scale_set_id": "",
            "zone": ""
          },
          "sensitive_attributes": [],
          "private": "eyJlMmJmYjczMC1lY2FhLTExZTYtOGY4OC0zNDM2M2JjN2M0YzAiOnsiY3JlYXRlIjoyNzAwMDAwMDAwMDAwLCJkZWxldGUiOjI3MDAwMDAwMDAwMDAsInJlYWQiOjMwMDAwMDAwMDAwMCwidXBkYXRlIjoyNzAwMDAwMDAwMDAwfSwic2NoZW1hX3ZlcnNpb24iOiIwIn0=",
          "dependencies": [
            "azurerm_network_interface.res-11",
            "azurerm_public_ip.res-21",
            "azurerm_resource_group.DemoRG1",
            "azurerm_subnet.res-23",
            "azurerm_virtual_network.res-22"
          ]
        }
      ]
    },
    {
      "mode": "managed",
      "type": "azurerm_network_interface",
      "name": "res-11",
      "provider": "provider[\"registry.terraform.io/hashicorp/azurerm\"]",
      "instances": [
        {
          "schema_version": 0,
          "attributes": {
            "applied_dns_servers": [],
            "dns_servers": [],
            "enable_accelerated_networking": true,
            "enable_ip_forwarding": false,
            "id": "/subscriptions/8f0ccddf-4f60-4029-8910-20a665e4c740/resourceGroups/DemoRG1/providers/Microsoft.Network/networkInterfaces/demo-az-jenkins319",
            "internal_dns_name_label": "",
            "internal_domain_name_suffix": "",
            "ip_configuration": [
              {
                "name": "ipconfig1",
                "primary": true,
                "private_ip_address": "10.0.0.5",
                "private_ip_address_allocation": "Dynamic",
                "private_ip_address_version": "IPv4",
                "public_ip_address_id": "/subscriptions/8f0ccddf-4f60-4029-8910-20a665e4c740/resourceGroups/DemoRG1/providers/Microsoft.Network/publicIPAddresses/demo-az-jenkins-ip",
                "subnet_id": "/subscriptions/8f0ccddf-4f60-4029-8910-20a665e4c740/resourceGroups/DemoRG1/providers/Microsoft.Network/virtualNetworks/DemoRG1-vnet/subnets/default"
              }
            ],
            "location": "eastus",
            "mac_address": "60-45-BD-DB-50-C1",
            "name": "demo-az-jenkins319",
            "private_ip_address": "10.0.0.5",
            "private_ip_addresses": [
              "10.0.0.5"
            ],
            "resource_group_name": "DemoRG1",
            "tags": {},
            "timeouts": {
              "create": null,
              "delete": null,
              "read": null,
              "update": null
            },
            "virtual_machine_id": "/subscriptions/8f0ccddf-4f60-4029-8910-20a665e4c740/resourceGroups/DemoRG1/providers/Microsoft.Compute/virtualMachines/demo-az-jenkins"
          },
          "sensitive_attributes": [],
          "private": "eyJlMmJmYjczMC1lY2FhLTExZTYtOGY4OC0zNDM2M2JjN2M0YzAiOnsiY3JlYXRlIjoxODAwMDAwMDAwMDAwLCJkZWxldGUiOjE4MDAwMDAwMDAwMDAsInJlYWQiOjMwMDAwMDAwMDAwMCwidXBkYXRlIjoxODAwMDAwMDAwMDAwfSwic2NoZW1hX3ZlcnNpb24iOiIwIn0=",
          "dependencies": [
            "azurerm_public_ip.res-21",
            "azurerm_resource_group.DemoRG1",
            "azurerm_subnet.res-23",
            "azurerm_virtual_network.res-22"
          ]
        }
      ]
    },
    {
      "mode": "managed",
      "type": "azurerm_network_interface",
      "name": "res-9",
      "provider": "provider[\"registry.terraform.io/hashicorp/azurerm\"]",
      "instances": [
        {
          "schema_version": 0,
          "attributes": {
            "applied_dns_servers": [],
            "dns_servers": [],
            "enable_accelerated_networking": true,
            "enable_ip_forwarding": false,
            "id": "/subscriptions/8f0ccddf-4f60-4029-8910-20a665e4c740/resourceGroups/DemoRG1/providers/Microsoft.Network/networkInterfaces/demo-az-dev976",
            "internal_dns_name_label": "",
            "internal_domain_name_suffix": "",
            "ip_configuration": [
              {
                "name": "ipconfig1",
                "primary": true,
                "private_ip_address": "10.0.0.4",
                "private_ip_address_allocation": "Dynamic",
                "private_ip_address_version": "IPv4",
                "public_ip_address_id": "/subscriptions/8f0ccddf-4f60-4029-8910-20a665e4c740/resourceGroups/DemoRG1/providers/Microsoft.Network/publicIPAddresses/demo-az-dev-ip",
                "subnet_id": "/subscriptions/8f0ccddf-4f60-4029-8910-20a665e4c740/resourceGroups/DemoRG1/providers/Microsoft.Network/virtualNetworks/DemoRG1-vnet/subnets/default"
              }
            ],
            "location": "eastus",
            "mac_address": "00-22-48-1E-F1-19",
            "name": "demo-az-dev976",
            "private_ip_address": "10.0.0.4",
            "private_ip_addresses": [
              "10.0.0.4"
            ],
            "resource_group_name": "DemoRG1",
            "tags": {},
            "timeouts": {
              "create": null,
              "delete": null,
              "read": null,
              "update": null
            },
            "virtual_machine_id": "/subscriptions/8f0ccddf-4f60-4029-8910-20a665e4c740/resourceGroups/DemoRG1/providers/Microsoft.Compute/virtualMachines/demo-az-dev"
          },
          "sensitive_attributes": [],
          "private": "eyJlMmJmYjczMC1lY2FhLTExZTYtOGY4OC0zNDM2M2JjN2M0YzAiOnsiY3JlYXRlIjoxODAwMDAwMDAwMDAwLCJkZWxldGUiOjE4MDAwMDAwMDAwMDAsInJlYWQiOjMwMDAwMDAwMDAwMCwidXBkYXRlIjoxODAwMDAwMDAwMDAwfSwic2NoZW1hX3ZlcnNpb24iOiIwIn0=",
          "dependencies": [
            "azurerm_public_ip.res-20",
            "azurerm_resource_group.DemoRG1",
            "azurerm_subnet.res-23",
            "azurerm_virtual_network.res-22"
          ]
        }
      ]
    },
    {
      "mode": "managed",
      "type": "azurerm_network_interface_security_group_association",
      "name": "res-10",
      "provider": "provider[\"registry.terraform.io/hashicorp/azurerm\"]",
      "instances": [
        {
          "schema_version": 0,
          "attributes": {
            "id": "/subscriptions/8f0ccddf-4f60-4029-8910-20a665e4c740/resourceGroups/DemoRG1/providers/Microsoft.Network/networkInterfaces/demo-az-dev976|/subscriptions/8f0ccddf-4f60-4029-8910-20a665e4c740/resourceGroups/DemoRG1/providers/Microsoft.Network/networkSecurityGroups/demo-az-dev-nsg",
            "network_interface_id": "/subscriptions/8f0ccddf-4f60-4029-8910-20a665e4c740/resourceGroups/DemoRG1/providers/Microsoft.Network/networkInterfaces/demo-az-dev976",
            "network_security_group_id": "/subscriptions/8f0ccddf-4f60-4029-8910-20a665e4c740/resourceGroups/DemoRG1/providers/Microsoft.Network/networkSecurityGroups/demo-az-dev-nsg",
            "timeouts": {
              "create": null,
              "delete": null,
              "read": null,
              "update": null
            }
          },
          "sensitive_attributes": [],
          "private": "eyJlMmJmYjczMC1lY2FhLTExZTYtOGY4OC0zNDM2M2JjN2M0YzAiOnsiY3JlYXRlIjoxODAwMDAwMDAwMDAwLCJkZWxldGUiOjE4MDAwMDAwMDAwMDAsInJlYWQiOjMwMDAwMDAwMDAwMCwidXBkYXRlIjoxODAwMDAwMDAwMDAwfSwic2NoZW1hX3ZlcnNpb24iOiIwIn0=",
          "dependencies": [
            "azurerm_network_interface.res-9",
            "azurerm_network_security_group.res-13",
            "azurerm_public_ip.res-20",
            "azurerm_resource_group.DemoRG1",
            "azurerm_subnet.res-23",
            "azurerm_virtual_network.res-22"
          ]
        }
      ]
    },
    {
      "mode": "managed",
      "type": "azurerm_network_interface_security_group_association",
      "name": "res-12",
      "provider": "provider[\"registry.terraform.io/hashicorp/azurerm\"]",
      "instances": [
        {
          "schema_version": 0,
          "attributes": {
            "id": "/subscriptions/8f0ccddf-4f60-4029-8910-20a665e4c740/resourceGroups/DemoRG1/providers/Microsoft.Network/networkInterfaces/demo-az-jenkins319|/subscriptions/8f0ccddf-4f60-4029-8910-20a665e4c740/resourceGroups/DemoRG1/providers/Microsoft.Network/networkSecurityGroups/demo-az-jenkins-nsg",
            "network_interface_id": "/subscriptions/8f0ccddf-4f60-4029-8910-20a665e4c740/resourceGroups/DemoRG1/providers/Microsoft.Network/networkInterfaces/demo-az-jenkins319",
            "network_security_group_id": "/subscriptions/8f0ccddf-4f60-4029-8910-20a665e4c740/resourceGroups/DemoRG1/providers/Microsoft.Network/networkSecurityGroups/demo-az-jenkins-nsg",
            "timeouts": {
              "create": null,
              "delete": null,
              "read": null,
              "update": null
            }
          },
          "sensitive_attributes": [],
          "private": "eyJlMmJmYjczMC1lY2FhLTExZTYtOGY4OC0zNDM2M2JjN2M0YzAiOnsiY3JlYXRlIjoxODAwMDAwMDAwMDAwLCJkZWxldGUiOjE4MDAwMDAwMDAwMDAsInJlYWQiOjMwMDAwMDAwMDAwMCwidXBkYXRlIjoxODAwMDAwMDAwMDAwfSwic2NoZW1hX3ZlcnNpb24iOiIwIn0=",
          "dependencies": [
            "azurerm_network_interface.res-11",
            "azurerm_network_security_group.res-17",
            "azurerm_public_ip.res-21",
            "azurerm_resource_group.DemoRG1",
            "azurerm_subnet.res-23",
            "azurerm_virtual_network.res-22"
          ]
        }
      ]
    },
    {
      "mode": "managed",
      "type": "azurerm_network_security_group",
      "name": "res-13",
      "provider": "provider[\"registry.terraform.io/hashicorp/azurerm\"]",
      "instances": [
        {
          "schema_version": 0,
          "attributes": {
            "id": "/subscriptions/8f0ccddf-4f60-4029-8910-20a665e4c740/resourceGroups/DemoRG1/providers/Microsoft.Network/networkSecurityGroups/demo-az-dev-nsg",
            "location": "eastus",
            "name": "demo-az-dev-nsg",
            "resource_group_name": "DemoRG1",
            "security_rule": [
              {
                "access": "Allow",
                "description": "",
                "destination_address_prefix": "*",
                "destination_address_prefixes": [],
                "destination_application_security_group_ids": [],
                "destination_port_range": "22",
                "destination_port_ranges": [],
                "direction": "Inbound",
                "name": "SSH",
                "priority": 300,
                "protocol": "TCP",
                "source_address_prefix": "*",
                "source_address_prefixes": [],
                "source_application_security_group_ids": [],
                "source_port_range": "*",
                "source_port_ranges": []
              },
              {
                "access": "Allow",
                "description": "",
                "destination_address_prefix": "*",
                "destination_address_prefixes": [],
                "destination_application_security_group_ids": [],
                "destination_port_range": "3000",
                "destination_port_ranges": [],
                "direction": "Inbound",
                "name": "AllowAnyCustom3000Inbound",
                "priority": 310,
                "protocol": "*",
                "source_address_prefix": "*",
                "source_address_prefixes": [],
                "source_application_security_group_ids": [],
                "source_port_range": "*",
                "source_port_ranges": []
              },
              {
                "access": "Allow",
                "description": "",
                "destination_address_prefix": "*",
                "destination_address_prefixes": [],
                "destination_application_security_group_ids": [],
                "destination_port_range": "5000-5001",
                "destination_port_ranges": [],
                "direction": "Inbound",
                "name": "AllowAnyCustom5000-5001Inbound",
                "priority": 320,
                "protocol": "*",
                "source_address_prefix": "*",
                "source_address_prefixes": [],
                "source_application_security_group_ids": [],
                "source_port_range": "*",
                "source_port_ranges": []
              }
            ],
            "tags": {},
            "timeouts": {
              "create": null,
              "delete": null,
              "read": null,
              "update": null
            }
          },
          "sensitive_attributes": [],
          "private": "eyJlMmJmYjczMC1lY2FhLTExZTYtOGY4OC0zNDM2M2JjN2M0YzAiOnsiY3JlYXRlIjoxODAwMDAwMDAwMDAwLCJkZWxldGUiOjE4MDAwMDAwMDAwMDAsInJlYWQiOjMwMDAwMDAwMDAwMCwidXBkYXRlIjoxODAwMDAwMDAwMDAwfSwic2NoZW1hX3ZlcnNpb24iOiIwIn0=",
          "dependencies": [
            "azurerm_resource_group.DemoRG1"
          ]
        }
      ]
    },
    {
      "mode": "managed",
      "type": "azurerm_network_security_group",
      "name": "res-17",
      "provider": "provider[\"registry.terraform.io/hashicorp/azurerm\"]",
      "instances": [
        {
          "schema_version": 0,
          "attributes": {
            "id": "/subscriptions/8f0ccddf-4f60-4029-8910-20a665e4c740/resourceGroups/DemoRG1/providers/Microsoft.Network/networkSecurityGroups/demo-az-jenkins-nsg",
            "location": "eastus",
            "name": "demo-az-jenkins-nsg",
            "resource_group_name": "DemoRG1",
            "security_rule": [
              {
                "access": "Allow",
                "description": "",
                "destination_address_prefix": "*",
                "destination_address_prefixes": [],
                "destination_application_security_group_ids": [],
                "destination_port_range": "22",
                "destination_port_ranges": [],
                "direction": "Inbound",
                "name": "SSH",
                "priority": 300,
                "protocol": "TCP",
                "source_address_prefix": "*",
                "source_address_prefixes": [],
                "source_application_security_group_ids": [],
                "source_port_range": "*",
                "source_port_ranges": []
              },
              {
                "access": "Allow",
                "description": "",
                "destination_address_prefix": "*",
                "destination_address_prefixes": [],
                "destination_application_security_group_ids": [],
                "destination_port_range": "8080",
                "destination_port_ranges": [],
                "direction": "Inbound",
                "name": "AllowAnyCustom8080Inbound",
                "priority": 310,
                "protocol": "*",
                "source_address_prefix": "*",
                "source_address_prefixes": [],
                "source_application_security_group_ids": [],
                "source_port_range": "*",
                "source_port_ranges": []
              }
            ],
            "tags": {},
            "timeouts": {
              "create": null,
              "delete": null,
              "read": null,
              "update": null
            }
          },
          "sensitive_attributes": [],
          "private": "eyJlMmJmYjczMC1lY2FhLTExZTYtOGY4OC0zNDM2M2JjN2M0YzAiOnsiY3JlYXRlIjoxODAwMDAwMDAwMDAwLCJkZWxldGUiOjE4MDAwMDAwMDAwMDAsInJlYWQiOjMwMDAwMDAwMDAwMCwidXBkYXRlIjoxODAwMDAwMDAwMDAwfSwic2NoZW1hX3ZlcnNpb24iOiIwIn0=",
          "dependencies": [
            "azurerm_resource_group.DemoRG1"
          ]
        }
      ]
    },
    {
      "mode": "managed",
      "type": "azurerm_network_security_rule",
      "name": "res-14",
      "provider": "provider[\"registry.terraform.io/hashicorp/azurerm\"]",
      "instances": [
        {
          "schema_version": 0,
          "attributes": {
            "access": "Allow",
            "description": "",
            "destination_address_prefix": "*",
            "destination_address_prefixes": [],
            "destination_application_security_group_ids": [],
            "destination_port_range": "3000",
            "destination_port_ranges": [],
            "direction": "Inbound",
            "id": "/subscriptions/8f0ccddf-4f60-4029-8910-20a665e4c740/resourceGroups/DemoRG1/providers/Microsoft.Network/networkSecurityGroups/demo-az-dev-nsg/securityRules/AllowAnyCustom3000Inbound",
            "name": "AllowAnyCustom3000Inbound",
            "network_security_group_name": "demo-az-dev-nsg",
            "priority": 310,
            "protocol": "*",
            "resource_group_name": "DemoRG1",
            "source_address_prefix": "*",
            "source_address_prefixes": [],
            "source_application_security_group_ids": [],
            "source_port_range": "*",
            "source_port_ranges": [],
            "timeouts": {
              "create": null,
              "delete": null,
              "read": null,
              "update": null
            }
          },
          "sensitive_attributes": [],
          "private": "eyJlMmJmYjczMC1lY2FhLTExZTYtOGY4OC0zNDM2M2JjN2M0YzAiOnsiY3JlYXRlIjoxODAwMDAwMDAwMDAwLCJkZWxldGUiOjE4MDAwMDAwMDAwMDAsInJlYWQiOjMwMDAwMDAwMDAwMCwidXBkYXRlIjoxODAwMDAwMDAwMDAwfSwic2NoZW1hX3ZlcnNpb24iOiIwIn0=",
          "dependencies": [
            "azurerm_network_security_group.res-13",
            "azurerm_resource_group.DemoRG1"
          ]
        }
      ]
    },
    {
      "mode": "managed",
      "type": "azurerm_network_security_rule",
      "name": "res-15",
      "provider": "provider[\"registry.terraform.io/hashicorp/azurerm\"]",
      "instances": [
        {
          "schema_version": 0,
          "attributes": {
            "access": "Allow",
            "description": "",
            "destination_address_prefix": "*",
            "destination_address_prefixes": [],
            "destination_application_security_group_ids": [],
            "destination_port_range": "5000-5001",
            "destination_port_ranges": [],
            "direction": "Inbound",
            "id": "/subscriptions/8f0ccddf-4f60-4029-8910-20a665e4c740/resourceGroups/DemoRG1/providers/Microsoft.Network/networkSecurityGroups/demo-az-dev-nsg/securityRules/AllowAnyCustom5000-5001Inbound",
            "name": "AllowAnyCustom5000-5001Inbound",
            "network_security_group_name": "demo-az-dev-nsg",
            "priority": 320,
            "protocol": "*",
            "resource_group_name": "DemoRG1",
            "source_address_prefix": "*",
            "source_address_prefixes": [],
            "source_application_security_group_ids": [],
            "source_port_range": "*",
            "source_port_ranges": [],
            "timeouts": {
              "create": null,
              "delete": null,
              "read": null,
              "update": null
            }
          },
          "sensitive_attributes": [],
          "private": "eyJlMmJmYjczMC1lY2FhLTExZTYtOGY4OC0zNDM2M2JjN2M0YzAiOnsiY3JlYXRlIjoxODAwMDAwMDAwMDAwLCJkZWxldGUiOjE4MDAwMDAwMDAwMDAsInJlYWQiOjMwMDAwMDAwMDAwMCwidXBkYXRlIjoxODAwMDAwMDAwMDAwfSwic2NoZW1hX3ZlcnNpb24iOiIwIn0=",
          "dependencies": [
            "azurerm_network_security_group.res-13",
            "azurerm_resource_group.DemoRG1"
          ]
        }
      ]
    },
    {
      "mode": "managed",
      "type": "azurerm_network_security_rule",
      "name": "res-16",
      "provider": "provider[\"registry.terraform.io/hashicorp/azurerm\"]",
      "instances": [
        {
          "schema_version": 0,
          "attributes": {
            "access": "Allow",
            "description": "",
            "destination_address_prefix": "*",
            "destination_address_prefixes": [],
            "destination_application_security_group_ids": [],
            "destination_port_range": "22",
            "destination_port_ranges": [],
            "direction": "Inbound",
            "id": "/subscriptions/8f0ccddf-4f60-4029-8910-20a665e4c740/resourceGroups/DemoRG1/providers/Microsoft.Network/networkSecurityGroups/demo-az-dev-nsg/securityRules/SSH",
            "name": "SSH",
            "network_security_group_name": "demo-az-dev-nsg",
            "priority": 300,
            "protocol": "TCP",
            "resource_group_name": "DemoRG1",
            "source_address_prefix": "*",
            "source_address_prefixes": [],
            "source_application_security_group_ids": [],
            "source_port_range": "*",
            "source_port_ranges": [],
            "timeouts": {
              "create": null,
              "delete": null,
              "read": null,
              "update": null
            }
          },
          "sensitive_attributes": [],
          "private": "eyJlMmJmYjczMC1lY2FhLTExZTYtOGY4OC0zNDM2M2JjN2M0YzAiOnsiY3JlYXRlIjoxODAwMDAwMDAwMDAwLCJkZWxldGUiOjE4MDAwMDAwMDAwMDAsInJlYWQiOjMwMDAwMDAwMDAwMCwidXBkYXRlIjoxODAwMDAwMDAwMDAwfSwic2NoZW1hX3ZlcnNpb24iOiIwIn0=",
          "dependencies": [
            "azurerm_network_security_group.res-13",
            "azurerm_resource_group.DemoRG1"
          ]
        }
      ]
    },
    {
      "mode": "managed",
      "type": "azurerm_network_security_rule",
      "name": "res-18",
      "provider": "provider[\"registry.terraform.io/hashicorp/azurerm\"]",
      "instances": [
        {
          "schema_version": 0,
          "attributes": {
            "access": "Allow",
            "description": "",
            "destination_address_prefix": "*",
            "destination_address_prefixes": [],
            "destination_application_security_group_ids": [],
            "destination_port_range": "8080",
            "destination_port_ranges": [],
            "direction": "Inbound",
            "id": "/subscriptions/8f0ccddf-4f60-4029-8910-20a665e4c740/resourceGroups/DemoRG1/providers/Microsoft.Network/networkSecurityGroups/demo-az-jenkins-nsg/securityRules/AllowAnyCustom8080Inbound",
            "name": "AllowAnyCustom8080Inbound",
            "network_security_group_name": "demo-az-jenkins-nsg",
            "priority": 310,
            "protocol": "*",
            "resource_group_name": "DemoRG1",
            "source_address_prefix": "*",
            "source_address_prefixes": [],
            "source_application_security_group_ids": [],
            "source_port_range": "*",
            "source_port_ranges": [],
            "timeouts": {
              "create": null,
              "delete": null,
              "read": null,
              "update": null
            }
          },
          "sensitive_attributes": [],
          "private": "eyJlMmJmYjczMC1lY2FhLTExZTYtOGY4OC0zNDM2M2JjN2M0YzAiOnsiY3JlYXRlIjoxODAwMDAwMDAwMDAwLCJkZWxldGUiOjE4MDAwMDAwMDAwMDAsInJlYWQiOjMwMDAwMDAwMDAwMCwidXBkYXRlIjoxODAwMDAwMDAwMDAwfSwic2NoZW1hX3ZlcnNpb24iOiIwIn0=",
          "dependencies": [
            "azurerm_network_security_group.res-17",
            "azurerm_resource_group.DemoRG1"
          ]
        }
      ]
    },
    {
      "mode": "managed",
      "type": "azurerm_network_security_rule",
      "name": "res-19",
      "provider": "provider[\"registry.terraform.io/hashicorp/azurerm\"]",
      "instances": [
        {
          "schema_version": 0,
          "attributes": {
            "access": "Allow",
            "description": "",
            "destination_address_prefix": "*",
            "destination_address_prefixes": [],
            "destination_application_security_group_ids": [],
            "destination_port_range": "22",
            "destination_port_ranges": [],
            "direction": "Inbound",
            "id": "/subscriptions/8f0ccddf-4f60-4029-8910-20a665e4c740/resourceGroups/DemoRG1/providers/Microsoft.Network/networkSecurityGroups/demo-az-jenkins-nsg/securityRules/SSH",
            "name": "SSH",
            "network_security_group_name": "demo-az-jenkins-nsg",
            "priority": 300,
            "protocol": "TCP",
            "resource_group_name": "DemoRG1",
            "source_address_prefix": "*",
            "source_address_prefixes": [],
            "source_application_security_group_ids": [],
            "source_port_range": "*",
            "source_port_ranges": [],
            "timeouts": {
              "create": null,
              "delete": null,
              "read": null,
              "update": null
            }
          },
          "sensitive_attributes": [],
          "private": "eyJlMmJmYjczMC1lY2FhLTExZTYtOGY4OC0zNDM2M2JjN2M0YzAiOnsiY3JlYXRlIjoxODAwMDAwMDAwMDAwLCJkZWxldGUiOjE4MDAwMDAwMDAwMDAsInJlYWQiOjMwMDAwMDAwMDAwMCwidXBkYXRlIjoxODAwMDAwMDAwMDAwfSwic2NoZW1hX3ZlcnNpb24iOiIwIn0=",
          "dependencies": [
            "azurerm_network_security_group.res-17",
            "azurerm_resource_group.DemoRG1"
          ]
        }
      ]
    },
    {
      "mode": "managed",
      "type": "azurerm_public_ip",
      "name": "res-20",
      "provider": "provider[\"registry.terraform.io/hashicorp/azurerm\"]",
      "instances": [
        {
          "schema_version": 0,
          "attributes": {
            "allocation_method": "Static",
            "domain_name_label": "azure-dev",
            "fqdn": "azure-dev.eastus.cloudapp.azure.com",
            "id": "/subscriptions/8f0ccddf-4f60-4029-8910-20a665e4c740/resourceGroups/DemoRG1/providers/Microsoft.Network/publicIPAddresses/demo-az-dev-ip",
            "idle_timeout_in_minutes": 4,
            "ip_address": "20.121.192.75",
            "ip_version": "IPv4",
            "location": "eastus",
            "name": "demo-az-dev-ip",
            "public_ip_prefix_id": null,
            "resource_group_name": "DemoRG1",
            "reverse_fqdn": "",
            "sku": "Standard",
            "tags": {},
            "timeouts": {
              "create": null,
              "delete": null,
              "read": null,
              "update": null
            },
            "zones": []
          },
          "sensitive_attributes": [],
          "private": "eyJlMmJmYjczMC1lY2FhLTExZTYtOGY4OC0zNDM2M2JjN2M0YzAiOnsiY3JlYXRlIjoxODAwMDAwMDAwMDAwLCJkZWxldGUiOjE4MDAwMDAwMDAwMDAsInJlYWQiOjMwMDAwMDAwMDAwMCwidXBkYXRlIjoxODAwMDAwMDAwMDAwfSwic2NoZW1hX3ZlcnNpb24iOiIwIn0=",
          "dependencies": [
            "azurerm_resource_group.DemoRG1"
          ]
        }
      ]
    },
    {
      "mode": "managed",
      "type": "azurerm_public_ip",
      "name": "res-21",
      "provider": "provider[\"registry.terraform.io/hashicorp/azurerm\"]",
      "instances": [
        {
          "schema_version": 0,
          "attributes": {
            "allocation_method": "Static",
            "domain_name_label": "azure-jenkins",
            "fqdn": "azure-jenkins.eastus.cloudapp.azure.com",
            "id": "/subscriptions/8f0ccddf-4f60-4029-8910-20a665e4c740/resourceGroups/DemoRG1/providers/Microsoft.Network/publicIPAddresses/demo-az-jenkins-ip",
            "idle_timeout_in_minutes": 4,
            "ip_address": "4.246.222.141",
            "ip_version": "IPv4",
            "location": "eastus",
            "name": "demo-az-jenkins-ip",
            "public_ip_prefix_id": null,
            "resource_group_name": "DemoRG1",
            "reverse_fqdn": "",
            "sku": "Standard",
            "tags": {},
            "timeouts": {
              "create": null,
              "delete": null,
              "read": null,
              "update": null
            },
            "zones": []
          },
          "sensitive_attributes": [],
          "private": "eyJlMmJmYjczMC1lY2FhLTExZTYtOGY4OC0zNDM2M2JjN2M0YzAiOnsiY3JlYXRlIjoxODAwMDAwMDAwMDAwLCJkZWxldGUiOjE4MDAwMDAwMDAwMDAsInJlYWQiOjMwMDAwMDAwMDAwMCwidXBkYXRlIjoxODAwMDAwMDAwMDAwfSwic2NoZW1hX3ZlcnNpb24iOiIwIn0=",
          "dependencies": [
            "azurerm_resource_group.DemoRG1"
          ]
        }
      ]
    },
    {
      "mode": "managed",
      "type": "azurerm_resource_group",
      "name": "DemoRG1",
      "provider": "provider[\"registry.terraform.io/hashicorp/azurerm\"]",
      "instances": [
        {
          "schema_version": 0,
          "attributes": {
            "id": "/subscriptions/8f0ccddf-4f60-4029-8910-20a665e4c740/resourceGroups/DemoRG1",
            "location": "eastus",
            "name": "DemoRG1",
            "tags": {},
            "timeouts": {
              "create": null,
              "delete": null,
              "read": null,
              "update": null
            }
          },
          "sensitive_attributes": [],
          "private": "eyJlMmJmYjczMC1lY2FhLTExZTYtOGY4OC0zNDM2M2JjN2M0YzAiOnsiY3JlYXRlIjo1NDAwMDAwMDAwMDAwLCJkZWxldGUiOjU0MDAwMDAwMDAwMDAsInJlYWQiOjMwMDAwMDAwMDAwMCwidXBkYXRlIjo1NDAwMDAwMDAwMDAwfSwic2NoZW1hX3ZlcnNpb24iOiIwIn0="
        }
      ]
    },
    {
      "mode": "managed",
      "type": "azurerm_role_assignment",
      "name": "role_acrpull",
      "provider": "provider[\"registry.terraform.io/hashicorp/azurerm\"]",
      "instances": [
        {
          "schema_version": 0,
          "attributes": {
            "id": "/subscriptions/8f0ccddf-4f60-4029-8910-20a665e4c740/resourceGroups/DemoRG1/providers/Microsoft.ContainerRegistry/registries/demoazacr7710/providers/Microsoft.Authorization/roleAssignments/b619a2cd-5084-3f08-e876-dc8abe523d1a",
            "name": "b619a2cd-5084-3f08-e876-dc8abe523d1a",
            "principal_id": "da4696f4-943c-4ab5-827c-9a56fcc5ac53",
            "principal_type": "ServicePrincipal",
            "role_definition_id": "/subscriptions/8f0ccddf-4f60-4029-8910-20a665e4c740/providers/Microsoft.Authorization/roleDefinitions/7f951dda-4ed3-4680-a7ca-43fe172d538d",
            "role_definition_name": "AcrPull",
            "scope": "/subscriptions/8f0ccddf-4f60-4029-8910-20a665e4c740/resourceGroups/DemoRG1/providers/Microsoft.ContainerRegistry/registries/demoazacr7710",
            "skip_service_principal_aad_check": true,
            "timeouts": null
          },
          "sensitive_attributes": [],
          "private": "eyJlMmJmYjczMC1lY2FhLTExZTYtOGY4OC0zNDM2M2JjN2M0YzAiOnsiY3JlYXRlIjoxODAwMDAwMDAwMDAwLCJkZWxldGUiOjE4MDAwMDAwMDAwMDAsInJlYWQiOjMwMDAwMDAwMDAwMCwidXBkYXRlIjoxODAwMDAwMDAwMDAwfX0=",
          "dependencies": [
            "azurerm_container_registry.acr",
            "azurerm_kubernetes_cluster.aks",
            "azurerm_resource_group.DemoRG1"
          ]
        }
      ]
    },
    {
      "mode": "managed",
      "type": "azurerm_subnet",
      "name": "res-23",
      "provider": "provider[\"registry.terraform.io/hashicorp/azurerm\"]",
      "instances": [
        {
          "schema_version": 0,
          "attributes": {
            "address_prefix": "10.0.0.0/24",
            "address_prefixes": [
              "10.0.0.0/24"
            ],
            "delegation": [],
            "enforce_private_link_endpoint_network_policies": false,
            "enforce_private_link_service_network_policies": false,
            "id": "/subscriptions/8f0ccddf-4f60-4029-8910-20a665e4c740/resourceGroups/DemoRG1/providers/Microsoft.Network/virtualNetworks/DemoRG1-vnet/subnets/default",
            "name": "default",
            "resource_group_name": "DemoRG1",
            "service_endpoints": [],
            "timeouts": {
              "create": null,
              "delete": null,
              "read": null,
              "update": null
            },
            "virtual_network_name": "DemoRG1-vnet"
          },
          "sensitive_attributes": [],
          "private": "eyJlMmJmYjczMC1lY2FhLTExZTYtOGY4OC0zNDM2M2JjN2M0YzAiOnsiY3JlYXRlIjoxODAwMDAwMDAwMDAwLCJkZWxldGUiOjE4MDAwMDAwMDAwMDAsInJlYWQiOjMwMDAwMDAwMDAwMCwidXBkYXRlIjoxODAwMDAwMDAwMDAwfX0=",
          "dependencies": [
            "azurerm_resource_group.DemoRG1",
            "azurerm_virtual_network.res-22"
          ]
        }
      ]
    },
    {
      "mode": "managed",
      "type": "azurerm_virtual_network",
      "name": "res-22",
      "provider": "provider[\"registry.terraform.io/hashicorp/azurerm\"]",
      "instances": [
        {
          "schema_version": 0,
          "attributes": {
            "address_space": [
              "10.0.0.0/16"
            ],
            "bgp_community": "",
            "ddos_protection_plan": [],
            "dns_servers": [],
            "guid": "18e977d1-fed9-49f8-9f1b-b63c010d712a",
            "id": "/subscriptions/8f0ccddf-4f60-4029-8910-20a665e4c740/resourceGroups/DemoRG1/providers/Microsoft.Network/virtualNetworks/DemoRG1-vnet",
            "location": "eastus",
            "name": "DemoRG1-vnet",
            "resource_group_name": "DemoRG1",
            "subnet": [
              {
                "address_prefix": "10.0.0.0/24",
                "id": "/subscriptions/8f0ccddf-4f60-4029-8910-20a665e4c740/resourceGroups/DemoRG1/providers/Microsoft.Network/virtualNetworks/DemoRG1-vnet/subnets/default",
                "name": "default",
                "security_group": ""
              }
            ],
            "tags": {},
            "timeouts": {
              "create": null,
              "delete": null,
              "read": null,
              "update": null
            },
            "vm_protection_enabled": false
          },
          "sensitive_attributes": [],
          "private": "eyJlMmJmYjczMC1lY2FhLTExZTYtOGY4OC0zNDM2M2JjN2M0YzAiOnsiY3JlYXRlIjoxODAwMDAwMDAwMDAwLCJkZWxldGUiOjE4MDAwMDAwMDAwMDAsInJlYWQiOjMwMDAwMDAwMDAwMCwidXBkYXRlIjoxODAwMDAwMDAwMDAwfSwic2NoZW1hX3ZlcnNpb24iOiIwIn0=",
          "dependencies": [
            "azurerm_resource_group.DemoRG1"
          ]
        }
      ]
    },
    {
      "mode": "managed",
      "type": "local_file",
      "name": "kubeconfig",
      "provider": "provider[\"registry.terraform.io/hashicorp/local\"]",
      "instances": [
        {
          "schema_version": 0,
          "attributes": {
            "content": "apiVersion: v1\nclusters:\n- cluster:\n    certificate-authority-data: LS0tLS1CRUdJTiBDRVJUSUZJQ0FURS0tLS0tCk1JSUU2RENDQXRDZ0F3SUJBZ0lRQXZFYmJPbFV2UW5MK3hGelRLZGxhekFOQmdrcWhraUc5dzBCQVFzRkFEQU4KTVFzd0NRWURWUVFERXdKallUQWdGdzB5TXpBeU1UZ3hOakl4TlRWYUdBOHlNRFV6TURJeE9ERTJNekUxTlZvdwpEVEVMTUFrR0ExVUVBeE1DWTJFd2dnSWlNQTBHQ1NxR1NJYjNEUUVCQVFVQUE0SUNEd0F3Z2dJS0FvSUNBUUN1CkZGdTMwUUVDcnQ1TnBtcGxmQkJJM1o5UnFEbW43UDhMaTFoTHZPOXZDTnRjcUlGV2VNVUZqeTJoQm1Nd1FiYzYKZlhoQ3FyRmZZOE1yQlVPS0pub0w3bUZPb0dQdndOakNSa0hmb3RLT3pKTkNSSGdmK1VkMzJTY011aEVRU1QyTApuZFFhSEFVOHZTdkljUkFnQ3ZKT1BsbU5LRFFPQ1RVTmV6a0gxa0J3VGFab3Nva2tqeGg4Zm54akZTNEYwTi95ClkwWE1HeDl1ODhkTklSUEJpQitWcWxmMExHWDhIQ2Q3QTNMRHhhekpFeldsZmh5d3FqbzB2ek5MSE1IZm9kelMKSVBXQmhPYjQ4QWpOVmtndDEvdW5RYjgyWU1BTFlmcWx5WmpjMzh2dXRDNVdIYjdmNlg5R1d4anFyNDJpVEV3UApDOHV0eHlLMTlnMkNKTFZFaWlBV1BLdTBGdlVmMjdhR3JGbFlMOS8zNkNVUngrWHRoWCs2ZnN0TTFLUHpNNFZhCk95cFU3Smt5c05ySzdzSXVFTEhIdEExV3RCV0xXbGllNXpqU28wcmdmeGxEaWJpd2s5N2FTeUVHeEVJWUdzek8KYld0UVA1TG00VTl5WWwzNEUwUllHVXJIazNTaWpmR2JkZHNkclF6QTZmQnVQQnZ3Qm5xQWVCRU5nblQyMEZEdwpydWphK250WGI3bGhPL1VnMUprbTVveW1YMUZXRWNBS1VLb0RBYjVEVGtYcnlodm1ZeVgrWXppWkMwcGJCV05WCnVWQU8rM0ZtUGU1TWdmU2JlbzN0WE9VODBrK0ptMXFrM2ZkakRuQ25vU0NReWV5N2dpekJOQzdkQmRxVHRnUEEKVTRZV0tEYW11dFRvcjBWUXpsWnl1aUtWNXlLM2lmeUFsL3pHY1pPcnl3SURBUUFCbzBJd1FEQU9CZ05WSFE4QgpBZjhFQkFNQ0FxUXdEd1lEVlIwVEFRSC9CQVV3QXdFQi96QWRCZ05WSFE0RUZnUVVGRDlIUlc1M21qZkYwSTFBCnRCU1RCWVFKVk5Bd0RRWUpLb1pJaHZjTkFRRUxCUUFEZ2dJQkFJMVd1MnEzYk5US3gvYlJrbWg2N3luVDA1LzUKQTR2TWhMT3hKdXBtVzZORVZMVHd5d3pyN0pmb0FtRUpJNW9EVlBpeUJrT25keHJ5eXlWQUlTclIzTTQyUSthUAp3OFNsSzJyT2xvcmdkRHZjK3Y2SHNNVk9aZUFGVFZkdWpjMmEzbm52VjVvRWp3eTNJT2Y1aEsyLzVXRWhxYUFwCjVHeFhYTlJBMUVEdFNnZmRMRFc5UFpqS0pWOW9XVVN3eUlxRG9YNVowaDZXaTV4T0d0YURNNnZSeXFaNElsWGcKczdENk9nVUY1WGlFM2lVSGVVK2NiL1JsNlRMaHlxUGZERFBmcFV2YzBSU1dBS2s1U3FtQUduTnN6czZXUEpnegpndk00NHpZS2oySHgwM2dMZ09PcnZQUmdZUHFHT2MrVGNTL0YvL2lQRWRiY1ZaekJ0cndiUDd5eWI4d2xaYUVmCjJQSDFwd0dodlM4RUtvSUMvWkZ4SkFIQ3lIUDlYcWlaOWl2dTNSZ0ZFMU9DdTVKZ2xKOHp4aVg3ZTdLZ2dIN1cKOXFuTERyKzhzNHllb2RkRVY1YnVDUzFMUDlTVkdadEhEN3JqMXFodnV0cjdlTERTZkJwSkJSWS8vc1RZRDQvTApRQmJhdGJ1N0dqTXVEM2dsSmt6cllUb0JsMzVMa1NJVFJGUnp0Q3RzbG9INkRBbTE2dUNWcHA1c3ByeXZyNkRrCmhLbG9JSXN2S2ZTdFErQU12blRxMzNWa25haWV6TGRWdG56SVdhRUh1NlJjV1o0Tis1OUEzUUthcVJlS1NYaTgKQi94bXBhaWRiVDkyVUVickt6aFBzbmYzbXFrVEtOSlRaSkViZFV3M3JQYWFqMWkwNlYxc1RsaVlUNVJRUlJLQQpwL2xpenZISGordFY3Kzh1Ci0tLS0tRU5EIENFUlRJRklDQVRFLS0tLS0K\n    server: https://aksdemo-ef4dbc1c.hcp.eastus.azmk8s.io:443\n  name: aksdemo\ncontexts:\n- context:\n    cluster: aksdemo\n    user: clusterUser_DemoRG1_aksdemo\n  name: aksdemo\ncurrent-context: aksdemo\nkind: Config\npreferences: {}\nusers:\n- name: clusterUser_DemoRG1_aksdemo\n  user:\n    client-certificate-data: LS0tLS1CRUdJTiBDRVJUSUZJQ0FURS0tLS0tCk1JSUZIVENDQXdXZ0F3SUJBZ0lRQmpqaXo1ZzZIMkUvaWplU0swdi93REFOQmdrcWhraUc5dzBCQVFzRkFEQU4KTVFzd0NRWURWUVFERXdKallUQWVGdzB5TXpBeU1UZ3hOakl4TlRWYUZ3MHlOVEF5TVRneE5qTXhOVFZhTURBeApGekFWQmdOVkJBb1REbk41YzNSbGJUcHRZWE4wWlhKek1SVXdFd1lEVlFRREV3eHRZWE4wWlhKamJHbGxiblF3CmdnSWlNQTBHQ1NxR1NJYjNEUUVCQVFVQUE0SUNEd0F3Z2dJS0FvSUNBUUNySE41WnFtbUk0K1h2MW9OWmhFN08KR0JHRktWaG0rdEVucmFkYXNlWDNndGV4Mm1vVTZWcjFCM3VpaS92U0I1L1FnSlZEOUhRdlYwUHN4V0sxbXhOcQp4Vk54TW1ndzhsT09oNXR2S3EzNjl5YjdhNU1UdVhrRGQrTVhLblpIWXUxQm1IcEc0MVRBeEFXMTlsNXg1eDF3CjExU09ITVF5bUpWM0hmaHE4Umk2V256aVl5aW5jNkFqclV5dStaR2RFaEE3M3pjWWZtczU2RDdBeTYrT0RrWS8KREY4RzdPelBnSGh0a3BzZ1N3bnVjem9NRVpsU1diMFNtZFQ2ZjFiVGxlTkV2cWs0RUxOazRzcTh4dTZtc1JBTAowVWhQUzU4amp5a0pqY01yQm5wcXZxV0swQmRwZDhta01icThGdnl0MzNRWUZwdTlCbHJvcXU0K1NnL3RCSWkyCkN5V3d1VHIvdDB1cnAxN0tWUUgvZVJESjU1WVl4UkNjUHNTa0p2QkZMbkxxNlE4U0NBOGNPU3BEUC8wUURVRlkKcDZYQXNPWFlNc2RyMytiUEFseDlFZ1B0ZXdRdVJod2pjTXpsR0F1bUlic2hPenJJT2dzTUJVNVZGTStNazhwUAp0TW5iaWJVTFdLNmptOHQzQVRadnRkYkFsblplSHJUSjlzN2lWQ2htUUNUY3FQdGdCRVV0c29wUnZyTnlzUFEzCnVkb1dpa1JkNGlkRkhCOC8xdEwrNzNXdm9YVW5ZQ1NqTE50NDhFYTlDNjJLSlJQN2lpVXczd2xqNHNzNXNLSjAKQUwyRUQwVzMvMWhhTnJBM1FsN29JdWl0ak9pT3JNckxoZnl3ZXNteFNZeXVxbnludzBFWDZaQ094aFRMcWVNdwpNZTJMR055YUdIeW5zakczdzBJYzd3SURBUUFCbzFZd1ZEQU9CZ05WSFE4QkFmOEVCQU1DQmFBd0V3WURWUjBsCkJBd3dDZ1lJS3dZQkJRVUhBd0l3REFZRFZSMFRBUUgvQkFJd0FEQWZCZ05WSFNNRUdEQVdnQlFVUDBkRmJuZWEKTjhYUWpVQzBGSk1GaEFsVTBEQU5CZ2txaGtpRzl3MEJBUXNGQUFPQ0FnRUFpRWRJRGdzR3JvWVN6bXRXS05ILwpyRWdPSk9wWDhiTnFiRk5yR0xtQ0tGTjYwNXhmTDVBVVZwR0JXeWtzVkV3M2pXSVoyTXdXTDhKVDJxdzNYRmVzCjY0MU9sR1I4YVB2eHN6V0I1UC9IZlg2VGwxeWc0bkE4WnBUZzIzbWVtc1NOV0FtaHdVcnNqc1hoYk9zQmswRE0KanNWYnc5S3F6Z1JYZnNuSzU4aHdNMzhMZytHTUVLcXlKUndJbXh3UFFtNmx4dUVpaWphUWJlMXdmNDAwYjRvMgoxa1p5Y1BKcFZXOUp3QWxNN2s4VFhnUmh4M2hyc3FLUVJmWjEwZEU2bElQeFhvT245d2lBeXJlZW9lQWxoMWR3ClR1WXFINVVKb3VQOTJYeUNBSjN4SmF4eERrc1I3WFU1c2w1OVFhU3VucDhHUEdTRk5nZUswV3FxYlZGNlpQUXIKc2RRZDJkVnZzM2pFWVA4aG1SVTJMMnM2VGNZdmRYZ2s1N1JnNkxENFFHdXg5ZTB5ZmU5aTVJYzJia2hTN1RLVgppTGFPMWdOdFltK0VUUTdUWURJTXllUHI5WkJPREQ0UGx1czRpQjg5K3V1UEhwNHhFVkE3T3MwTXNoSlJuNzhtCm1CQmtuYk5HazdDQkRLK3dqNnVmNWVlL3MrMTJjYUEyM3V0eTBIK0Z6a1VwMjFCWlBTbVJBa3dtTUFYMW45UXYKTnUrTHl5eTRvL1dmVGpseUYvY1NHbUVSNnlDREptc0lLTTFISDBnbkV2S0pXVEJjK0FKTzdkaVR6aTlMenEyNwplc003NVR5RjgwRmp5M2g3OURsWXlsMDJPa1FXTFB1ZmtPOGFTNHVIbVZmazNGRGY4OS9VU1kzYkFtMndaamNGCks2S2Vyb2t3bHVhL0pxOEdmdGgrdExnPQotLS0tLUVORCBDRVJUSUZJQ0FURS0tLS0tCg==\n    client-key-data: LS0tLS1CRUdJTiBSU0EgUFJJVkFURSBLRVktLS0tLQpNSUlKS1FJQkFBS0NBZ0VBcXh6ZVdhcHBpT1BsNzlhRFdZUk96aGdSaFNsWVp2clJKNjJuV3JIbDk0TFhzZHBxCkZPbGE5UWQ3b292NzBnZWYwSUNWUS9SMEwxZEQ3TVZpdFpzVGFzVlRjVEpvTVBKVGpvZWJieXF0K3ZjbSsydVQKRTdsNUEzZmpGeXAyUjJMdFFaaDZSdU5Vd01RRnRmWmVjZWNkY05kVWpoekVNcGlWZHgzNGF2RVl1bHA4NG1NbwpwM09nSTYxTXJ2bVJuUklRTzk4M0dINXJPZWcrd011dmpnNUdQd3hmQnV6c3o0QjRiWktiSUVzSjduTTZEQkdaClVsbTlFcG5VK245VzA1WGpSTDZwT0JDelpPTEt2TWJ1cHJFUUM5RklUMHVmSTQ4cENZM0RLd1o2YXI2bGl0QVgKYVhmSnBERzZ2QmI4cmQ5MEdCYWJ2UVphNktydVBrb1A3UVNJdGdzbHNMazYvN2RMcTZkZXlsVUIvM2tReWVlVwpHTVVRbkQ3RXBDYndSUzV5NnVrUEVnZ1BIRGtxUXovOUVBMUJXS2Vsd0xEbDJETEhhOS9tendKY2ZSSUQ3WHNFCkxrWWNJM0RNNVJnTHBpRzdJVHM2eURvTERBVk9WUlRQakpQS1Q3VEoyNG0xQzFpdW81dkxkd0UyYjdYV3dKWjIKWGg2MHlmYk80bFFvWmtBazNLajdZQVJGTGJLS1ViNnpjckQwTjduYUZvcEVYZUluUlJ3ZlA5YlMvdTkxcjZGMQpKMkFrb3l6YmVQQkd2UXV0aWlVVCs0b2xNTjhKWStMTE9iQ2lkQUM5aEE5RnQvOVlXamF3TjBKZTZDTG9yWXpvCmpxekt5NFg4c0hySnNVbU1ycXA4cDhOQkYrbVFqc1lVeTZuak1ESHRpeGpjbWhoOHA3SXh0OE5DSE84Q0F3RUEKQVFLQ0FnQlBoc1JFa2pJb1lCc080L2o2RXNiNWZEQXdYbTNxdHFtY3NsVzBqamZlV0I1ZFY3Q3o5VnpEd3UyUQpOMVViWVZYQ2R2Qm91K1YvMXlRSG1CbHZaQnFiSmdqSTlHOStTREhUYlcwdE5uM1R4U2lGODVKUXVZUG51OEY4Cms4eVRFd1JIMTFFRlAwUzFycVVrMDlORFJ2SGs3djhxYVc0NlFiWTl2VjBtZnRWS1R5SDVxYkpNV1MzVlJ3YjcKejV3QWoxT2lML1VRV2prRm1jNElsdUlKdU5LbkhOM1JmeTMwcHJYUjN6QmZ5dUJieFl2MTdmdi9UUnZWMkU4bQorU1htZ3FRMDRCUVByWnRpeVJFR3VjSlRFTG52ZEI0U1ZJZ3E0NjlqOUZILzNpdnBEcUFycXRrbXVIaXI2anpxCmpCaDF5d1BPNmpzSm1EbUtKMTlBN2ZVRzZIT012U1dTRGNNUzUyOXlFbU0xeS8xS3FzZTRTTkVPTk9WeUFvZFcKNHUyWjJEYnU4b1VCVU9qeGRUV3NRay8rOFRLdXNXNm10d1RSK09RbXM4OHBaR2hyYmhqVDZlUjdoQk5WblZjbwpqYSszdTN4ODQ0a1BJUDZ5V2RtbHhIcXV5N3VJTG1SZkdjaUpzaDlJMFNOb2dBcmUwU1VtVCtQbmpPNXZOc2VuCiszWFFvWXhJcFNqMGQrcHh4d2ZuNks1ODlvS3ZjS0Z5NXNseDNvOHBzU1dzUmNkWm90bUlqUkllWjBucmIrZ3kKNHc2Z0ZaMm1UUUdVMGdjc0ozYWVucllYcEdkZWt2bzIrSE5WMm4xc1prUHRTMWY1QWRkTGtYdTR0d3IvbUJlbQo4RDNKT1J6MTI2aElING1KLzVacC9DSE1DTkUxSjBnR29Td0R6UHZ6MDR3V0ZjNE9HUUtDQVFFQXhKZGNCSjM5ClQ4SWtudjl1cTJVRmtETDBHaHllMzNDSEQ4TXBubGJ2RC91dzAwcGZmOWRaUTBGZExwUmVpVFFJUVJpNUYzVFoKajBjU2ZiV3VtclIrVmlTV0RGYTk0c1QrY1NGN0U0dk4yay9kWG93eXBMT2ViMXM5V0VHa2FYZ0RjTWhlS2hneQpITlBGb1FuYkxhNzlVVkpqT2FYSGs1dnY0VDRQV285dXBBVjBKZDhJZDd4TnRKWkdCYXpZdVhPLy94eExTbU9PCk1Oa3BSeVhPcWtKTm5BV1lIQkpzUnpnZG9hY3IrcGlRbGF6dWRvK2JKeU5rbDNlY3IydEw0YjFJNHQra1gwN0YKVGxsdVZRWDhWMTgwTFVPb1plNm8rTjBFR0IxUXFhV0l4NDh4MUN2SXFqL0R3T1hYSW1xcU10ZDU4WUV2Nk5IeApqYnE0Q1dYU2o0UGRRd0tDQVFFQTN0SnpHa2pPR3hvQUxoY3hndGRrWFF6bzJnZEJhdUtxZUFYeVRJU05xdUNQCjZSS0VyVEpOeGFHL3Btb2FjR0V4dlRlNmprOGJXZ2pVS1F5WkR2OEhDclRzTnlUZ0Z6eWEzcGxOaExZZ3BvWnoKaG03V1VQUWZocnlzM0Z6THNlbVRXRjJwRDE0RTVCRk9ISzBKZERVekFRTjdpUVdjSUI4bFZJQmk3aStESGZvRgp1QmJTdlFPUjZIQ1luV215UWFzUU5zbXk4T2VCSGR4SC9PS3JqTE9wVERkOXNVQzJmeDFMOHBHZzY4QUVDRGpOCmpNZ05qWXNoUVNxOFBQVmpNV3BieVIxMHdiUllwcGpIanc5NERVRWJEK1BiNHdlaEEwd1ZVSzVLVTdIRUMvZ2kKVWtKcXkxMXkxKytVdXRhWlMyNTN4bTFNWEN0bEl0RjJHTzdwblpNUTVRS0NBUUJ6Z3l4Q1drSzVWcTRGN3JpcwpaTk44QXpTREUwWVdyQnZ3R3hDZFJSOTdHTHl4cWdXckxISDZuckdONlFnVFBrdUxWR2VOYk05WTdMM2t0NWc4CnRzbDAvRkplTmFtbFVYTGdMbmdPNkJxd3FEUytsVW84bEg0SG1HalhMdHJZVGZoWGtLUWp2OHZTUEd6blRzOUcKYklmVC9NRG80b3YrSTZZemh5K21XcGo4TDJncnlIMUZQWk83QklGb1hFT0wxSU4vOXJRV3BhQ3EreTdSNjFrZgptWTNZbTBEaFhjSFpweE5pSk1RbW52WjF2QUx5RHpkdks5Q3pYMGpsbWZvZ1RnUkJxbjcrc1Y0bHgwNlpEc2RTCjMxSGROdC8vNU5mTVFyRmhLZmgzZGhpRWlaTVJ4QmhJVU9kSXRNUlFLTFNRNHlOMzBCekNoSG1XZVp3aGlYN0wKYlFQWkFvSUJBUUNTbUdpTDJXeG9IaklTSU1ZOUs5Sm0rYkJVaVVON3U4YWxrbHY0QlpsaTI3MHlmVEYyOVVwLwpoTXdmQTEyRHBCNWlPOERzRVpXUUpaRFh0T2NhRzZVWllUQ3Jrd0l2cDNySWlwbWFmMng1d3FsTXY2MFdzNVh1ClFrR0Q5VFU2UnM3ZTZ6Zm4yVlprYWhJM0FZemZ2SVJpM1ZTd01GV29PSFdKNDdHeXZPV0ptazJhOE1FVEE3OUIKNnBvdHJqVk55T3F3OFFCZVNDRUZjVUNYV3RXOGl4TU9CdEFXQnRwS1JROExkczRsYkQzNjNzdzFIQVQybzV0cwpVVjVveUpUTEZRdHdCSVlsVHE2b1pJbWVVSElPWGxBY295K3ViUDE4dXRpbkxSUFBmbnZaMkJWVWcwZlpwaENCCmlxa1NSMCt4ZGVzdFRBbFo5bDdpaW1ZbFAwSEpudEVWQW9JQkFRQ3poNW93dUM5UzNnZmxSSm9abEhxUFpDOUIKVkZncllVSXFtQytYSk5hZWxzeU5jOHJTbnJhK2VWN2tQVDVTQnlKb0N2NEpZR09qMmVKYUhmMG9pRElQdEQ2QgpYd2oyU28xekNwRncvUmNSd01pUktqdE4zZzQxRVZjcFdBNkJocVRiYXNXRjdreks2RTZQdXkwcFRYQmFSd2VyCnhOZTcwd25QdjdKSS82aWgyS3RqcWdBRkt4dkNWSzAyd1BWKzRyblYxcGNXeVNqMEkxZWhEQW9rOUY3SEIyWG4KK1dYRXlZbVpUMWw3VEtoTXY5Tm9DSi9CbU1iY0V3UXJEcngyWDJhWm1mT3B3R09nLzI5eG9wbmhKWVlyKzRRRQowbkduYUJ0emxXdzdHU0grdzRSYTh4eHVqMkZjeUE1YzZpZ1ZpeFVGQVhsY0lzQ1V5NjN5MGpiRWZzRm0KLS0tLS1FTkQgUlNBIFBSSVZBVEUgS0VZLS0tLS0K\n    token: 1fce5ea366794f366229e7dbfb1772f21bc3b5574ea965f8807bf8884c1116d24b5e0b5da1e5b9e645eefbfa260157c92a3b50147d0e4bb818ad3aea07ef2413\n",
            "content_base64": null,
            "directory_permission": "0777",
            "file_permission": "0777",
            "filename": "kubeconfig",
            "id": "033ba36e1bbd190b8d0d7312f0fd3e2ee3349984",
            "sensitive_content": null,
            "source": null
          },
          "sensitive_attributes": [
            [
              {
                "type": "get_attr",
                "value": "content"
              }
            ]
          ],
          "dependencies": [
            "azurerm_kubernetes_cluster.aks",
            "azurerm_resource_group.DemoRG1"
          ]
        }
      ]
    }
  ],
  "check_results": []
}
